
Microsoft Visual Studio Solution File, Format Version 12.00
# Visual Studio 15
VisualStudioVersion = 15.0.27130.2036
MinimumVisualStudioVersion = 10.0.40219.1
Project("{FAE04EC0-301F-11D3-BF4B-00C04F79EFBC}") = "360Player", "360Player\360Player.csproj", "{E14FBC2B-B29D-4428-8052-52292EB22C1D}"
EndProject
Project("{2150E333-8FDC-42A3-9474-1A3956D46DE8}") = ".nuget", ".nuget", "{D9ECBE5F-BC60-40DA-9633-C5E46AF90F90}"
	ProjectSection(SolutionItems) = preProject
		.nuget\NuGet.Config = .nuget\NuGet.Config
		.nuget\NuGet.exe = .nuget\NuGet.exe
		.nuget\NuGet.targets = .nuget\NuGet.targets
	EndProjectSection
EndProject
Project("{FAE04EC0-301F-11D3-BF4B-00C04F79EFBC}") = "BivrostAnalytics", "BivrostAnalytics\BivrostAnalytics.csproj", "{30C06AE1-7390-488D-BD15-8EE43EC76308}"
EndProject
Project("{FAE04EC0-301F-11D3-BF4B-00C04F79EFBC}") = "360Player.Test", "360Player.Test\360Player.Test.csproj", "{8E17510D-5841-4934-88E9-8C24C0694877}"
EndProject
Project("{FAE04EC0-301F-11D3-BF4B-00C04F79EFBC}") = "PlayerRemote", "PlayerRemote\PlayerRemote.csproj", "{0928D8CC-913B-43EA-AFF5-D889DEBBFC7E}"
EndProject
Project("{D954291E-2A0B-460D-934E-DC6B0785DB48}") = "Logger", "Logger\Logger.shproj", "{42CCAF01-B1D7-4960-A466-4097F9C22FB4}"
EndProject
Project("{FAE04EC0-301F-11D3-BF4B-00C04F79EFBC}") = "3DconnexionDriver", "3Dconnexion-driver-master\3DconnexionDriver.csproj", "{9B78C331-7940-45C7-AAF9-E98270462BD4}"
EndProject
Project("{FAE04EC0-301F-11D3-BF4B-00C04F79EFBC}") = "ClientKit", "Managed-OSVR\ClientKit\ClientKit.csproj", "{9AB9F53D-1F42-4045-8DFC-9D389D44BB35}"
EndProject
Project("{D954291E-2A0B-460D-934E-DC6B0785DB48}") = "AnalyticsForVR", "AnalyticsForVR\AnalyticsForVR.shproj", "{6924D465-079C-490E-B9EB-E96BFD2F3BFB}"
EndProject
Project("{D954291E-2A0B-460D-934E-DC6B0785DB48}") = "Licensing", "Licensing\Licensing.shproj", "{975A8FDA-18B3-4B93-A18D-42716D7B62C2}"
EndProject
Project("{FAE04EC0-301F-11D3-BF4B-00C04F79EFBC}") = "OculusWrap", "OculusWrap\OculusWrap.csproj", "{737A81A8-553C-49A9-8F17-5ADF691A56B2}"
EndProject
Project("{D954291E-2A0B-460D-934E-DC6B0785DB48}") = "MOTD", "MOTD\MOTD.shproj", "{C5D3DBFE-02A6-420B-A41E-F474DD573F6A}"
EndProject
Project("{FAE04EC0-301F-11D3-BF4B-00C04F79EFBC}") = "MOTD.Test", "MOTD.Test\MOTD.Test.csproj", "{392824A3-689E-4503-99FE-82A2EA229344}"
EndProject
Project("{C7167F0D-BC9F-4E6E-AFE1-012C56B48DB5}") = "360PlayerUWP", "360PlayerUWP\360PlayerUWP.wapproj", "{9F96C0F5-428B-46DA-B641-6C16AAF30934}"
EndProject
Global
	GlobalSection(SharedMSBuildProjectFiles) = preSolution
		Logger\Logger.projitems*{42ccaf01-b1d7-4960-a466-4097f9c22fb4}*SharedItemsImports = 13
		AnalyticsForVR\AnalyticsForVR.projitems*{6924d465-079c-490e-b9eb-e96bfd2f3bfb}*SharedItemsImports = 13
		Licensing\Licensing.projitems*{975a8fda-18b3-4b93-a18d-42716d7b62c2}*SharedItemsImports = 13
		MOTD\MOTD.projitems*{c5d3dbfe-02a6-420b-a41e-f474dd573f6a}*SharedItemsImports = 13
		AnalyticsForVR\AnalyticsForVR.projitems*{e14fbc2b-b29d-4428-8052-52292eb22c1d}*SharedItemsImports = 4
		Licensing\Licensing.projitems*{e14fbc2b-b29d-4428-8052-52292eb22c1d}*SharedItemsImports = 4
		Logger\Logger.projitems*{e14fbc2b-b29d-4428-8052-52292eb22c1d}*SharedItemsImports = 4
		MOTD\MOTD.projitems*{e14fbc2b-b29d-4428-8052-52292eb22c1d}*SharedItemsImports = 4
	EndGlobalSection
	GlobalSection(SolutionConfigurationPlatforms) = preSolution
		Debug|Any CPU = Debug|Any CPU
		Debug|ARM = Debug|ARM
		Debug|x64 = Debug|x64
		Debug|x86 = Debug|x86
		Debug20|Any CPU = Debug20|Any CPU
		Debug20|ARM = Debug20|ARM
		Debug20|x64 = Debug20|x64
		Debug20|x86 = Debug20|x86
		Debug45|Any CPU = Debug45|Any CPU
		Debug45|ARM = Debug45|ARM
		Debug45|x64 = Debug45|x64
		Debug45|x86 = Debug45|x86
		Release|Any CPU = Release|Any CPU
		Release|ARM = Release|ARM
		Release|x64 = Release|x64
		Release|x86 = Release|x86
		Release20|Any CPU = Release20|Any CPU
		Release20|ARM = Release20|ARM
		Release20|x64 = Release20|x64
		Release20|x86 = Release20|x86
		Release45|Any CPU = Release45|Any CPU
		Release45|ARM = Release45|ARM
		Release45|x64 = Release45|x64
		Release45|x86 = Release45|x86
		Release-Canary|Any CPU = Release-Canary|Any CPU
		Release-Canary|ARM = Release-Canary|ARM
		Release-Canary|x64 = Release-Canary|x64
		Release-Canary|x86 = Release-Canary|x86
		Release-Stable|Any CPU = Release-Stable|Any CPU
		Release-Stable|ARM = Release-Stable|ARM
		Release-Stable|x64 = Release-Stable|x64
		Release-Stable|x86 = Release-Stable|x86
	EndGlobalSection
	GlobalSection(ProjectConfigurationPlatforms) = postSolution
		{E14FBC2B-B29D-4428-8052-52292EB22C1D}.Debug|Any CPU.ActiveCfg = Debug|Any CPU
		{E14FBC2B-B29D-4428-8052-52292EB22C1D}.Debug|Any CPU.Build.0 = Debug|Any CPU
		{E14FBC2B-B29D-4428-8052-52292EB22C1D}.Debug|ARM.ActiveCfg = Debug|Any CPU
		{E14FBC2B-B29D-4428-8052-52292EB22C1D}.Debug|x64.ActiveCfg = Debug|x64
		{E14FBC2B-B29D-4428-8052-52292EB22C1D}.Debug|x64.Build.0 = Debug|x64
		{E14FBC2B-B29D-4428-8052-52292EB22C1D}.Debug|x86.ActiveCfg = Debug|Any CPU
		{E14FBC2B-B29D-4428-8052-52292EB22C1D}.Debug20|Any CPU.ActiveCfg = Debug|Any CPU
		{E14FBC2B-B29D-4428-8052-52292EB22C1D}.Debug20|Any CPU.Build.0 = Debug|Any CPU
		{E14FBC2B-B29D-4428-8052-52292EB22C1D}.Debug20|ARM.ActiveCfg = Debug|Any CPU
		{E14FBC2B-B29D-4428-8052-52292EB22C1D}.Debug20|ARM.Build.0 = Debug|Any CPU
		{E14FBC2B-B29D-4428-8052-52292EB22C1D}.Debug20|x64.ActiveCfg = Debug|x64
		{E14FBC2B-B29D-4428-8052-52292EB22C1D}.Debug20|x64.Build.0 = Debug|x64
		{E14FBC2B-B29D-4428-8052-52292EB22C1D}.Debug20|x86.ActiveCfg = Debug|Any CPU
		{E14FBC2B-B29D-4428-8052-52292EB22C1D}.Debug20|x86.Build.0 = Debug|Any CPU
		{E14FBC2B-B29D-4428-8052-52292EB22C1D}.Debug45|Any CPU.ActiveCfg = Debug|Any CPU
		{E14FBC2B-B29D-4428-8052-52292EB22C1D}.Debug45|Any CPU.Build.0 = Debug|Any CPU
		{E14FBC2B-B29D-4428-8052-52292EB22C1D}.Debug45|ARM.ActiveCfg = Debug|Any CPU
		{E14FBC2B-B29D-4428-8052-52292EB22C1D}.Debug45|ARM.Build.0 = Debug|Any CPU
		{E14FBC2B-B29D-4428-8052-52292EB22C1D}.Debug45|x64.ActiveCfg = Debug|x64
		{E14FBC2B-B29D-4428-8052-52292EB22C1D}.Debug45|x64.Build.0 = Debug|x64
		{E14FBC2B-B29D-4428-8052-52292EB22C1D}.Debug45|x86.ActiveCfg = Debug|Any CPU
		{E14FBC2B-B29D-4428-8052-52292EB22C1D}.Debug45|x86.Build.0 = Debug|Any CPU
		{E14FBC2B-B29D-4428-8052-52292EB22C1D}.Release|Any CPU.ActiveCfg = Release|Any CPU
		{E14FBC2B-B29D-4428-8052-52292EB22C1D}.Release|Any CPU.Build.0 = Release|Any CPU
		{E14FBC2B-B29D-4428-8052-52292EB22C1D}.Release|ARM.ActiveCfg = Release|Any CPU
		{E14FBC2B-B29D-4428-8052-52292EB22C1D}.Release|x64.ActiveCfg = Release|x64
		{E14FBC2B-B29D-4428-8052-52292EB22C1D}.Release|x64.Build.0 = Release|x64
		{E14FBC2B-B29D-4428-8052-52292EB22C1D}.Release|x86.ActiveCfg = Release|Any CPU
		{E14FBC2B-B29D-4428-8052-52292EB22C1D}.Release20|Any CPU.ActiveCfg = Release-Stable|Any CPU
		{E14FBC2B-B29D-4428-8052-52292EB22C1D}.Release20|Any CPU.Build.0 = Release-Stable|Any CPU
		{E14FBC2B-B29D-4428-8052-52292EB22C1D}.Release20|ARM.ActiveCfg = Release-Stable|Any CPU
		{E14FBC2B-B29D-4428-8052-52292EB22C1D}.Release20|ARM.Build.0 = Release-Stable|Any CPU
		{E14FBC2B-B29D-4428-8052-52292EB22C1D}.Release20|x64.ActiveCfg = Release-Stable|x64
		{E14FBC2B-B29D-4428-8052-52292EB22C1D}.Release20|x64.Build.0 = Release-Stable|x64
		{E14FBC2B-B29D-4428-8052-52292EB22C1D}.Release20|x86.ActiveCfg = Release-Stable|Any CPU
		{E14FBC2B-B29D-4428-8052-52292EB22C1D}.Release20|x86.Build.0 = Release-Stable|Any CPU
		{E14FBC2B-B29D-4428-8052-52292EB22C1D}.Release45|Any CPU.ActiveCfg = Release-Stable|Any CPU
		{E14FBC2B-B29D-4428-8052-52292EB22C1D}.Release45|Any CPU.Build.0 = Release-Stable|Any CPU
		{E14FBC2B-B29D-4428-8052-52292EB22C1D}.Release45|ARM.ActiveCfg = Release-Stable|Any CPU
		{E14FBC2B-B29D-4428-8052-52292EB22C1D}.Release45|ARM.Build.0 = Release-Stable|Any CPU
		{E14FBC2B-B29D-4428-8052-52292EB22C1D}.Release45|x64.ActiveCfg = Release-Stable|x64
		{E14FBC2B-B29D-4428-8052-52292EB22C1D}.Release45|x64.Build.0 = Release-Stable|x64
		{E14FBC2B-B29D-4428-8052-52292EB22C1D}.Release45|x86.ActiveCfg = Release-Stable|Any CPU
		{E14FBC2B-B29D-4428-8052-52292EB22C1D}.Release45|x86.Build.0 = Release-Stable|Any CPU
		{E14FBC2B-B29D-4428-8052-52292EB22C1D}.Release-Canary|Any CPU.ActiveCfg = Release-Canary|Any CPU
		{E14FBC2B-B29D-4428-8052-52292EB22C1D}.Release-Canary|Any CPU.Build.0 = Release-Canary|Any CPU
		{E14FBC2B-B29D-4428-8052-52292EB22C1D}.Release-Canary|ARM.ActiveCfg = Release-Canary|Any CPU
		{E14FBC2B-B29D-4428-8052-52292EB22C1D}.Release-Canary|ARM.Build.0 = Release-Canary|Any CPU
		{E14FBC2B-B29D-4428-8052-52292EB22C1D}.Release-Canary|x64.ActiveCfg = Release-Canary|x64
		{E14FBC2B-B29D-4428-8052-52292EB22C1D}.Release-Canary|x64.Build.0 = Release-Canary|x64
		{E14FBC2B-B29D-4428-8052-52292EB22C1D}.Release-Canary|x86.ActiveCfg = Release-Canary|Any CPU
		{E14FBC2B-B29D-4428-8052-52292EB22C1D}.Release-Canary|x86.Build.0 = Release-Canary|Any CPU
		{E14FBC2B-B29D-4428-8052-52292EB22C1D}.Release-Stable|Any CPU.ActiveCfg = Release-Stable|Any CPU
		{E14FBC2B-B29D-4428-8052-52292EB22C1D}.Release-Stable|Any CPU.Build.0 = Release-Stable|Any CPU
		{E14FBC2B-B29D-4428-8052-52292EB22C1D}.Release-Stable|ARM.ActiveCfg = Release-Stable|Any CPU
		{E14FBC2B-B29D-4428-8052-52292EB22C1D}.Release-Stable|ARM.Build.0 = Release-Stable|Any CPU
		{E14FBC2B-B29D-4428-8052-52292EB22C1D}.Release-Stable|x64.ActiveCfg = Release-Stable|x64
		{E14FBC2B-B29D-4428-8052-52292EB22C1D}.Release-Stable|x64.Build.0 = Release-Stable|x64
		{E14FBC2B-B29D-4428-8052-52292EB22C1D}.Release-Stable|x86.ActiveCfg = Release-Stable|Any CPU
		{E14FBC2B-B29D-4428-8052-52292EB22C1D}.Release-Stable|x86.Build.0 = Release-Stable|Any CPU
		{30C06AE1-7390-488D-BD15-8EE43EC76308}.Debug|Any CPU.ActiveCfg = Debug|Any CPU
		{30C06AE1-7390-488D-BD15-8EE43EC76308}.Debug|Any CPU.Build.0 = Debug|Any CPU
		{30C06AE1-7390-488D-BD15-8EE43EC76308}.Debug|ARM.ActiveCfg = Debug|Any CPU
		{30C06AE1-7390-488D-BD15-8EE43EC76308}.Debug|ARM.Build.0 = Debug|Any CPU
		{30C06AE1-7390-488D-BD15-8EE43EC76308}.Debug|x64.ActiveCfg = Debug|x64
		{30C06AE1-7390-488D-BD15-8EE43EC76308}.Debug|x64.Build.0 = Debug|x64
		{30C06AE1-7390-488D-BD15-8EE43EC76308}.Debug|x86.ActiveCfg = Debug|Any CPU
		{30C06AE1-7390-488D-BD15-8EE43EC76308}.Debug|x86.Build.0 = Debug|Any CPU
		{30C06AE1-7390-488D-BD15-8EE43EC76308}.Debug20|Any CPU.ActiveCfg = Debug|Any CPU
		{30C06AE1-7390-488D-BD15-8EE43EC76308}.Debug20|Any CPU.Build.0 = Debug|Any CPU
		{30C06AE1-7390-488D-BD15-8EE43EC76308}.Debug20|ARM.ActiveCfg = Debug|Any CPU
		{30C06AE1-7390-488D-BD15-8EE43EC76308}.Debug20|ARM.Build.0 = Debug|Any CPU
		{30C06AE1-7390-488D-BD15-8EE43EC76308}.Debug20|x64.ActiveCfg = Debug|x64
		{30C06AE1-7390-488D-BD15-8EE43EC76308}.Debug20|x64.Build.0 = Debug|x64
		{30C06AE1-7390-488D-BD15-8EE43EC76308}.Debug20|x86.ActiveCfg = Debug|Any CPU
		{30C06AE1-7390-488D-BD15-8EE43EC76308}.Debug20|x86.Build.0 = Debug|Any CPU
		{30C06AE1-7390-488D-BD15-8EE43EC76308}.Debug45|Any CPU.ActiveCfg = Debug|Any CPU
		{30C06AE1-7390-488D-BD15-8EE43EC76308}.Debug45|Any CPU.Build.0 = Debug|Any CPU
		{30C06AE1-7390-488D-BD15-8EE43EC76308}.Debug45|ARM.ActiveCfg = Debug|Any CPU
		{30C06AE1-7390-488D-BD15-8EE43EC76308}.Debug45|ARM.Build.0 = Debug|Any CPU
		{30C06AE1-7390-488D-BD15-8EE43EC76308}.Debug45|x64.ActiveCfg = Debug|x64
		{30C06AE1-7390-488D-BD15-8EE43EC76308}.Debug45|x64.Build.0 = Debug|x64
		{30C06AE1-7390-488D-BD15-8EE43EC76308}.Debug45|x86.ActiveCfg = Debug|Any CPU
		{30C06AE1-7390-488D-BD15-8EE43EC76308}.Debug45|x86.Build.0 = Debug|Any CPU
		{30C06AE1-7390-488D-BD15-8EE43EC76308}.Release|Any CPU.ActiveCfg = Release|Any CPU
		{30C06AE1-7390-488D-BD15-8EE43EC76308}.Release|Any CPU.Build.0 = Release|Any CPU
		{30C06AE1-7390-488D-BD15-8EE43EC76308}.Release|ARM.ActiveCfg = Release|Any CPU
		{30C06AE1-7390-488D-BD15-8EE43EC76308}.Release|ARM.Build.0 = Release|Any CPU
		{30C06AE1-7390-488D-BD15-8EE43EC76308}.Release|x64.ActiveCfg = Release|x64
		{30C06AE1-7390-488D-BD15-8EE43EC76308}.Release|x64.Build.0 = Release|x64
		{30C06AE1-7390-488D-BD15-8EE43EC76308}.Release|x86.ActiveCfg = Release|Any CPU
		{30C06AE1-7390-488D-BD15-8EE43EC76308}.Release|x86.Build.0 = Release|Any CPU
		{30C06AE1-7390-488D-BD15-8EE43EC76308}.Release20|Any CPU.ActiveCfg = Release-Stable|Any CPU
		{30C06AE1-7390-488D-BD15-8EE43EC76308}.Release20|Any CPU.Build.0 = Release-Stable|Any CPU
		{30C06AE1-7390-488D-BD15-8EE43EC76308}.Release20|ARM.ActiveCfg = Release-Stable|Any CPU
		{30C06AE1-7390-488D-BD15-8EE43EC76308}.Release20|ARM.Build.0 = Release-Stable|Any CPU
		{30C06AE1-7390-488D-BD15-8EE43EC76308}.Release20|x64.ActiveCfg = Release-Stable|x64
		{30C06AE1-7390-488D-BD15-8EE43EC76308}.Release20|x64.Build.0 = Release-Stable|x64
		{30C06AE1-7390-488D-BD15-8EE43EC76308}.Release20|x86.ActiveCfg = Release-Stable|Any CPU
		{30C06AE1-7390-488D-BD15-8EE43EC76308}.Release20|x86.Build.0 = Release-Stable|Any CPU
		{30C06AE1-7390-488D-BD15-8EE43EC76308}.Release45|Any CPU.ActiveCfg = Release-Stable|Any CPU
		{30C06AE1-7390-488D-BD15-8EE43EC76308}.Release45|Any CPU.Build.0 = Release-Stable|Any CPU
		{30C06AE1-7390-488D-BD15-8EE43EC76308}.Release45|ARM.ActiveCfg = Release-Stable|Any CPU
		{30C06AE1-7390-488D-BD15-8EE43EC76308}.Release45|ARM.Build.0 = Release-Stable|Any CPU
		{30C06AE1-7390-488D-BD15-8EE43EC76308}.Release45|x64.ActiveCfg = Release-Stable|x64
		{30C06AE1-7390-488D-BD15-8EE43EC76308}.Release45|x64.Build.0 = Release-Stable|x64
		{30C06AE1-7390-488D-BD15-8EE43EC76308}.Release45|x86.ActiveCfg = Release-Stable|Any CPU
		{30C06AE1-7390-488D-BD15-8EE43EC76308}.Release45|x86.Build.0 = Release-Stable|Any CPU
		{30C06AE1-7390-488D-BD15-8EE43EC76308}.Release-Canary|Any CPU.ActiveCfg = Release-Canary|Any CPU
		{30C06AE1-7390-488D-BD15-8EE43EC76308}.Release-Canary|Any CPU.Build.0 = Release-Canary|Any CPU
		{30C06AE1-7390-488D-BD15-8EE43EC76308}.Release-Canary|ARM.ActiveCfg = Release-Canary|Any CPU
		{30C06AE1-7390-488D-BD15-8EE43EC76308}.Release-Canary|ARM.Build.0 = Release-Canary|Any CPU
		{30C06AE1-7390-488D-BD15-8EE43EC76308}.Release-Canary|x64.ActiveCfg = Release|x64
		{30C06AE1-7390-488D-BD15-8EE43EC76308}.Release-Canary|x64.Build.0 = Release|x64
		{30C06AE1-7390-488D-BD15-8EE43EC76308}.Release-Canary|x86.ActiveCfg = Release-Canary|Any CPU
		{30C06AE1-7390-488D-BD15-8EE43EC76308}.Release-Canary|x86.Build.0 = Release-Canary|Any CPU
		{30C06AE1-7390-488D-BD15-8EE43EC76308}.Release-Stable|Any CPU.ActiveCfg = Release-Stable|Any CPU
		{30C06AE1-7390-488D-BD15-8EE43EC76308}.Release-Stable|Any CPU.Build.0 = Release-Stable|Any CPU
		{30C06AE1-7390-488D-BD15-8EE43EC76308}.Release-Stable|ARM.ActiveCfg = Release-Stable|Any CPU
		{30C06AE1-7390-488D-BD15-8EE43EC76308}.Release-Stable|ARM.Build.0 = Release-Stable|Any CPU
		{30C06AE1-7390-488D-BD15-8EE43EC76308}.Release-Stable|x64.ActiveCfg = Release|x64
		{30C06AE1-7390-488D-BD15-8EE43EC76308}.Release-Stable|x64.Build.0 = Release|x64
		{30C06AE1-7390-488D-BD15-8EE43EC76308}.Release-Stable|x86.ActiveCfg = Release-Stable|Any CPU
		{30C06AE1-7390-488D-BD15-8EE43EC76308}.Release-Stable|x86.Build.0 = Release-Stable|Any CPU
		{8E17510D-5841-4934-88E9-8C24C0694877}.Debug|Any CPU.ActiveCfg = Debug|Any CPU
		{8E17510D-5841-4934-88E9-8C24C0694877}.Debug|Any CPU.Build.0 = Debug|Any CPU
		{8E17510D-5841-4934-88E9-8C24C0694877}.Debug|ARM.ActiveCfg = Debug|Any CPU
		{8E17510D-5841-4934-88E9-8C24C0694877}.Debug|ARM.Build.0 = Debug|Any CPU
		{8E17510D-5841-4934-88E9-8C24C0694877}.Debug|x64.ActiveCfg = Debug|x64
		{8E17510D-5841-4934-88E9-8C24C0694877}.Debug|x64.Build.0 = Debug|x64
		{8E17510D-5841-4934-88E9-8C24C0694877}.Debug|x86.ActiveCfg = Debug|Any CPU
		{8E17510D-5841-4934-88E9-8C24C0694877}.Debug|x86.Build.0 = Debug|Any CPU
		{8E17510D-5841-4934-88E9-8C24C0694877}.Debug20|Any CPU.ActiveCfg = Debug|Any CPU
		{8E17510D-5841-4934-88E9-8C24C0694877}.Debug20|Any CPU.Build.0 = Debug|Any CPU
		{8E17510D-5841-4934-88E9-8C24C0694877}.Debug20|ARM.ActiveCfg = Debug|Any CPU
		{8E17510D-5841-4934-88E9-8C24C0694877}.Debug20|ARM.Build.0 = Debug|Any CPU
		{8E17510D-5841-4934-88E9-8C24C0694877}.Debug20|x64.ActiveCfg = Debug|x64
		{8E17510D-5841-4934-88E9-8C24C0694877}.Debug20|x64.Build.0 = Debug|x64
		{8E17510D-5841-4934-88E9-8C24C0694877}.Debug20|x86.ActiveCfg = Debug|Any CPU
		{8E17510D-5841-4934-88E9-8C24C0694877}.Debug20|x86.Build.0 = Debug|Any CPU
		{8E17510D-5841-4934-88E9-8C24C0694877}.Debug45|Any CPU.ActiveCfg = Debug|Any CPU
		{8E17510D-5841-4934-88E9-8C24C0694877}.Debug45|Any CPU.Build.0 = Debug|Any CPU
		{8E17510D-5841-4934-88E9-8C24C0694877}.Debug45|ARM.ActiveCfg = Debug|Any CPU
		{8E17510D-5841-4934-88E9-8C24C0694877}.Debug45|ARM.Build.0 = Debug|Any CPU
		{8E17510D-5841-4934-88E9-8C24C0694877}.Debug45|x64.ActiveCfg = Debug|x64
		{8E17510D-5841-4934-88E9-8C24C0694877}.Debug45|x64.Build.0 = Debug|x64
		{8E17510D-5841-4934-88E9-8C24C0694877}.Debug45|x86.ActiveCfg = Debug|Any CPU
		{8E17510D-5841-4934-88E9-8C24C0694877}.Debug45|x86.Build.0 = Debug|Any CPU
		{8E17510D-5841-4934-88E9-8C24C0694877}.Release|Any CPU.ActiveCfg = Release|Any CPU
		{8E17510D-5841-4934-88E9-8C24C0694877}.Release|Any CPU.Build.0 = Release|Any CPU
		{8E17510D-5841-4934-88E9-8C24C0694877}.Release|ARM.ActiveCfg = Release|Any CPU
		{8E17510D-5841-4934-88E9-8C24C0694877}.Release|ARM.Build.0 = Release|Any CPU
		{8E17510D-5841-4934-88E9-8C24C0694877}.Release|x64.ActiveCfg = Release|x64
		{8E17510D-5841-4934-88E9-8C24C0694877}.Release|x64.Build.0 = Release|x64
		{8E17510D-5841-4934-88E9-8C24C0694877}.Release|x86.ActiveCfg = Release|Any CPU
		{8E17510D-5841-4934-88E9-8C24C0694877}.Release|x86.Build.0 = Release|Any CPU
		{8E17510D-5841-4934-88E9-8C24C0694877}.Release20|Any CPU.ActiveCfg = Release-Stable|Any CPU
		{8E17510D-5841-4934-88E9-8C24C0694877}.Release20|Any CPU.Build.0 = Release-Stable|Any CPU
		{8E17510D-5841-4934-88E9-8C24C0694877}.Release20|ARM.ActiveCfg = Release-Stable|Any CPU
		{8E17510D-5841-4934-88E9-8C24C0694877}.Release20|ARM.Build.0 = Release-Stable|Any CPU
		{8E17510D-5841-4934-88E9-8C24C0694877}.Release20|x64.ActiveCfg = Release-Stable|x64
		{8E17510D-5841-4934-88E9-8C24C0694877}.Release20|x64.Build.0 = Release-Stable|x64
		{8E17510D-5841-4934-88E9-8C24C0694877}.Release20|x86.ActiveCfg = Release-Stable|Any CPU
		{8E17510D-5841-4934-88E9-8C24C0694877}.Release20|x86.Build.0 = Release-Stable|Any CPU
		{8E17510D-5841-4934-88E9-8C24C0694877}.Release45|Any CPU.ActiveCfg = Release-Stable|Any CPU
		{8E17510D-5841-4934-88E9-8C24C0694877}.Release45|Any CPU.Build.0 = Release-Stable|Any CPU
		{8E17510D-5841-4934-88E9-8C24C0694877}.Release45|ARM.ActiveCfg = Release-Stable|Any CPU
		{8E17510D-5841-4934-88E9-8C24C0694877}.Release45|ARM.Build.0 = Release-Stable|Any CPU
		{8E17510D-5841-4934-88E9-8C24C0694877}.Release45|x64.ActiveCfg = Release-Stable|x64
		{8E17510D-5841-4934-88E9-8C24C0694877}.Release45|x64.Build.0 = Release-Stable|x64
		{8E17510D-5841-4934-88E9-8C24C0694877}.Release45|x86.ActiveCfg = Release-Stable|Any CPU
		{8E17510D-5841-4934-88E9-8C24C0694877}.Release45|x86.Build.0 = Release-Stable|Any CPU
		{8E17510D-5841-4934-88E9-8C24C0694877}.Release-Canary|Any CPU.ActiveCfg = Release-Canary|Any CPU
		{8E17510D-5841-4934-88E9-8C24C0694877}.Release-Canary|Any CPU.Build.0 = Release-Canary|Any CPU
		{8E17510D-5841-4934-88E9-8C24C0694877}.Release-Canary|ARM.ActiveCfg = Release-Canary|Any CPU
		{8E17510D-5841-4934-88E9-8C24C0694877}.Release-Canary|ARM.Build.0 = Release-Canary|Any CPU
		{8E17510D-5841-4934-88E9-8C24C0694877}.Release-Canary|x64.ActiveCfg = Release-Canary|x64
		{8E17510D-5841-4934-88E9-8C24C0694877}.Release-Canary|x64.Build.0 = Release-Canary|x64
		{8E17510D-5841-4934-88E9-8C24C0694877}.Release-Canary|x86.ActiveCfg = Release-Canary|Any CPU
		{8E17510D-5841-4934-88E9-8C24C0694877}.Release-Canary|x86.Build.0 = Release-Canary|Any CPU
		{8E17510D-5841-4934-88E9-8C24C0694877}.Release-Stable|Any CPU.ActiveCfg = Release-Stable|Any CPU
		{8E17510D-5841-4934-88E9-8C24C0694877}.Release-Stable|Any CPU.Build.0 = Release-Stable|Any CPU
		{8E17510D-5841-4934-88E9-8C24C0694877}.Release-Stable|ARM.ActiveCfg = Release-Stable|Any CPU
		{8E17510D-5841-4934-88E9-8C24C0694877}.Release-Stable|ARM.Build.0 = Release-Stable|Any CPU
		{8E17510D-5841-4934-88E9-8C24C0694877}.Release-Stable|x64.ActiveCfg = Release-Stable|x64
		{8E17510D-5841-4934-88E9-8C24C0694877}.Release-Stable|x64.Build.0 = Release-Stable|x64
		{8E17510D-5841-4934-88E9-8C24C0694877}.Release-Stable|x86.ActiveCfg = Release-Stable|Any CPU
		{8E17510D-5841-4934-88E9-8C24C0694877}.Release-Stable|x86.Build.0 = Release-Stable|Any CPU
		{0928D8CC-913B-43EA-AFF5-D889DEBBFC7E}.Debug|Any CPU.ActiveCfg = Debug|Any CPU
		{0928D8CC-913B-43EA-AFF5-D889DEBBFC7E}.Debug|Any CPU.Build.0 = Debug|Any CPU
		{0928D8CC-913B-43EA-AFF5-D889DEBBFC7E}.Debug|ARM.ActiveCfg = Debug|Any CPU
		{0928D8CC-913B-43EA-AFF5-D889DEBBFC7E}.Debug|ARM.Build.0 = Debug|Any CPU
		{0928D8CC-913B-43EA-AFF5-D889DEBBFC7E}.Debug|x64.ActiveCfg = Debug|x64
		{0928D8CC-913B-43EA-AFF5-D889DEBBFC7E}.Debug|x64.Build.0 = Debug|x64
		{0928D8CC-913B-43EA-AFF5-D889DEBBFC7E}.Debug|x86.ActiveCfg = Debug|Any CPU
		{0928D8CC-913B-43EA-AFF5-D889DEBBFC7E}.Debug|x86.Build.0 = Debug|Any CPU
		{0928D8CC-913B-43EA-AFF5-D889DEBBFC7E}.Debug20|Any CPU.ActiveCfg = Debug|Any CPU
		{0928D8CC-913B-43EA-AFF5-D889DEBBFC7E}.Debug20|Any CPU.Build.0 = Debug|Any CPU
		{0928D8CC-913B-43EA-AFF5-D889DEBBFC7E}.Debug20|ARM.ActiveCfg = Debug|Any CPU
		{0928D8CC-913B-43EA-AFF5-D889DEBBFC7E}.Debug20|ARM.Build.0 = Debug|Any CPU
		{0928D8CC-913B-43EA-AFF5-D889DEBBFC7E}.Debug20|x64.ActiveCfg = Debug|x64
		{0928D8CC-913B-43EA-AFF5-D889DEBBFC7E}.Debug20|x64.Build.0 = Debug|x64
		{0928D8CC-913B-43EA-AFF5-D889DEBBFC7E}.Debug20|x86.ActiveCfg = Debug|Any CPU
		{0928D8CC-913B-43EA-AFF5-D889DEBBFC7E}.Debug20|x86.Build.0 = Debug|Any CPU
		{0928D8CC-913B-43EA-AFF5-D889DEBBFC7E}.Debug45|Any CPU.ActiveCfg = Debug|Any CPU
		{0928D8CC-913B-43EA-AFF5-D889DEBBFC7E}.Debug45|Any CPU.Build.0 = Debug|Any CPU
		{0928D8CC-913B-43EA-AFF5-D889DEBBFC7E}.Debug45|ARM.ActiveCfg = Debug|Any CPU
		{0928D8CC-913B-43EA-AFF5-D889DEBBFC7E}.Debug45|ARM.Build.0 = Debug|Any CPU
		{0928D8CC-913B-43EA-AFF5-D889DEBBFC7E}.Debug45|x64.ActiveCfg = Debug|x64
		{0928D8CC-913B-43EA-AFF5-D889DEBBFC7E}.Debug45|x64.Build.0 = Debug|x64
		{0928D8CC-913B-43EA-AFF5-D889DEBBFC7E}.Debug45|x86.ActiveCfg = Debug|Any CPU
		{0928D8CC-913B-43EA-AFF5-D889DEBBFC7E}.Debug45|x86.Build.0 = Debug|Any CPU
		{0928D8CC-913B-43EA-AFF5-D889DEBBFC7E}.Release|Any CPU.ActiveCfg = Release|Any CPU
		{0928D8CC-913B-43EA-AFF5-D889DEBBFC7E}.Release|Any CPU.Build.0 = Release|Any CPU
		{0928D8CC-913B-43EA-AFF5-D889DEBBFC7E}.Release|ARM.ActiveCfg = Release|Any CPU
		{0928D8CC-913B-43EA-AFF5-D889DEBBFC7E}.Release|ARM.Build.0 = Release|Any CPU
		{0928D8CC-913B-43EA-AFF5-D889DEBBFC7E}.Release|x64.ActiveCfg = Release|x64
		{0928D8CC-913B-43EA-AFF5-D889DEBBFC7E}.Release|x64.Build.0 = Release|x64
		{0928D8CC-913B-43EA-AFF5-D889DEBBFC7E}.Release|x86.ActiveCfg = Release|Any CPU
		{0928D8CC-913B-43EA-AFF5-D889DEBBFC7E}.Release|x86.Build.0 = Release|Any CPU
		{0928D8CC-913B-43EA-AFF5-D889DEBBFC7E}.Release20|Any CPU.ActiveCfg = Release-Stable|Any CPU
		{0928D8CC-913B-43EA-AFF5-D889DEBBFC7E}.Release20|Any CPU.Build.0 = Release-Stable|Any CPU
		{0928D8CC-913B-43EA-AFF5-D889DEBBFC7E}.Release20|ARM.ActiveCfg = Release-Stable|Any CPU
		{0928D8CC-913B-43EA-AFF5-D889DEBBFC7E}.Release20|ARM.Build.0 = Release-Stable|Any CPU
		{0928D8CC-913B-43EA-AFF5-D889DEBBFC7E}.Release20|x64.ActiveCfg = Release-Stable|x64
		{0928D8CC-913B-43EA-AFF5-D889DEBBFC7E}.Release20|x64.Build.0 = Release-Stable|x64
		{0928D8CC-913B-43EA-AFF5-D889DEBBFC7E}.Release20|x86.ActiveCfg = Release-Stable|Any CPU
		{0928D8CC-913B-43EA-AFF5-D889DEBBFC7E}.Release20|x86.Build.0 = Release-Stable|Any CPU
		{0928D8CC-913B-43EA-AFF5-D889DEBBFC7E}.Release45|Any CPU.ActiveCfg = Release-Stable|Any CPU
		{0928D8CC-913B-43EA-AFF5-D889DEBBFC7E}.Release45|Any CPU.Build.0 = Release-Stable|Any CPU
		{0928D8CC-913B-43EA-AFF5-D889DEBBFC7E}.Release45|ARM.ActiveCfg = Release-Stable|Any CPU
		{0928D8CC-913B-43EA-AFF5-D889DEBBFC7E}.Release45|ARM.Build.0 = Release-Stable|Any CPU
		{0928D8CC-913B-43EA-AFF5-D889DEBBFC7E}.Release45|x64.ActiveCfg = Release-Stable|x64
		{0928D8CC-913B-43EA-AFF5-D889DEBBFC7E}.Release45|x64.Build.0 = Release-Stable|x64
		{0928D8CC-913B-43EA-AFF5-D889DEBBFC7E}.Release45|x86.ActiveCfg = Release-Stable|Any CPU
		{0928D8CC-913B-43EA-AFF5-D889DEBBFC7E}.Release45|x86.Build.0 = Release-Stable|Any CPU
		{0928D8CC-913B-43EA-AFF5-D889DEBBFC7E}.Release-Canary|Any CPU.ActiveCfg = Release-Canary|Any CPU
		{0928D8CC-913B-43EA-AFF5-D889DEBBFC7E}.Release-Canary|Any CPU.Build.0 = Release-Canary|Any CPU
		{0928D8CC-913B-43EA-AFF5-D889DEBBFC7E}.Release-Canary|ARM.ActiveCfg = Release-Canary|Any CPU
		{0928D8CC-913B-43EA-AFF5-D889DEBBFC7E}.Release-Canary|ARM.Build.0 = Release-Canary|Any CPU
		{0928D8CC-913B-43EA-AFF5-D889DEBBFC7E}.Release-Canary|x64.ActiveCfg = Release|x64
		{0928D8CC-913B-43EA-AFF5-D889DEBBFC7E}.Release-Canary|x86.ActiveCfg = Release-Canary|Any CPU
		{0928D8CC-913B-43EA-AFF5-D889DEBBFC7E}.Release-Canary|x86.Build.0 = Release-Canary|Any CPU
		{0928D8CC-913B-43EA-AFF5-D889DEBBFC7E}.Release-Stable|Any CPU.ActiveCfg = Release-Stable|Any CPU
		{0928D8CC-913B-43EA-AFF5-D889DEBBFC7E}.Release-Stable|Any CPU.Build.0 = Release-Stable|Any CPU
		{0928D8CC-913B-43EA-AFF5-D889DEBBFC7E}.Release-Stable|ARM.ActiveCfg = Release-Stable|Any CPU
		{0928D8CC-913B-43EA-AFF5-D889DEBBFC7E}.Release-Stable|ARM.Build.0 = Release-Stable|Any CPU
		{0928D8CC-913B-43EA-AFF5-D889DEBBFC7E}.Release-Stable|x64.ActiveCfg = Release|x64
		{0928D8CC-913B-43EA-AFF5-D889DEBBFC7E}.Release-Stable|x86.ActiveCfg = Release-Stable|Any CPU
		{0928D8CC-913B-43EA-AFF5-D889DEBBFC7E}.Release-Stable|x86.Build.0 = Release-Stable|Any CPU
		{9B78C331-7940-45C7-AAF9-E98270462BD4}.Debug|Any CPU.ActiveCfg = Debug|Any CPU
		{9B78C331-7940-45C7-AAF9-E98270462BD4}.Debug|Any CPU.Build.0 = Debug|Any CPU
		{9B78C331-7940-45C7-AAF9-E98270462BD4}.Debug|ARM.ActiveCfg = Debug|Any CPU
		{9B78C331-7940-45C7-AAF9-E98270462BD4}.Debug|ARM.Build.0 = Debug|Any CPU
		{9B78C331-7940-45C7-AAF9-E98270462BD4}.Debug|x64.ActiveCfg = Debug|Any CPU
		{9B78C331-7940-45C7-AAF9-E98270462BD4}.Debug|x64.Build.0 = Debug|Any CPU
		{9B78C331-7940-45C7-AAF9-E98270462BD4}.Debug|x86.ActiveCfg = Debug|Any CPU
		{9B78C331-7940-45C7-AAF9-E98270462BD4}.Debug|x86.Build.0 = Debug|Any CPU
		{9B78C331-7940-45C7-AAF9-E98270462BD4}.Debug20|Any CPU.ActiveCfg = Debug|Any CPU
		{9B78C331-7940-45C7-AAF9-E98270462BD4}.Debug20|Any CPU.Build.0 = Debug|Any CPU
		{9B78C331-7940-45C7-AAF9-E98270462BD4}.Debug20|ARM.ActiveCfg = Debug|Any CPU
		{9B78C331-7940-45C7-AAF9-E98270462BD4}.Debug20|ARM.Build.0 = Debug|Any CPU
		{9B78C331-7940-45C7-AAF9-E98270462BD4}.Debug20|x64.ActiveCfg = Debug|Any CPU
		{9B78C331-7940-45C7-AAF9-E98270462BD4}.Debug20|x64.Build.0 = Debug|Any CPU
		{9B78C331-7940-45C7-AAF9-E98270462BD4}.Debug20|x86.ActiveCfg = Debug|Any CPU
		{9B78C331-7940-45C7-AAF9-E98270462BD4}.Debug20|x86.Build.0 = Debug|Any CPU
		{9B78C331-7940-45C7-AAF9-E98270462BD4}.Debug45|Any CPU.ActiveCfg = Debug|Any CPU
		{9B78C331-7940-45C7-AAF9-E98270462BD4}.Debug45|Any CPU.Build.0 = Debug|Any CPU
		{9B78C331-7940-45C7-AAF9-E98270462BD4}.Debug45|ARM.ActiveCfg = Debug|Any CPU
		{9B78C331-7940-45C7-AAF9-E98270462BD4}.Debug45|ARM.Build.0 = Debug|Any CPU
		{9B78C331-7940-45C7-AAF9-E98270462BD4}.Debug45|x64.ActiveCfg = Debug|Any CPU
		{9B78C331-7940-45C7-AAF9-E98270462BD4}.Debug45|x64.Build.0 = Debug|Any CPU
		{9B78C331-7940-45C7-AAF9-E98270462BD4}.Debug45|x86.ActiveCfg = Debug|Any CPU
		{9B78C331-7940-45C7-AAF9-E98270462BD4}.Debug45|x86.Build.0 = Debug|Any CPU
		{9B78C331-7940-45C7-AAF9-E98270462BD4}.Release|Any CPU.ActiveCfg = Release|Any CPU
		{9B78C331-7940-45C7-AAF9-E98270462BD4}.Release|Any CPU.Build.0 = Release|Any CPU
		{9B78C331-7940-45C7-AAF9-E98270462BD4}.Release|ARM.ActiveCfg = Release|Any CPU
		{9B78C331-7940-45C7-AAF9-E98270462BD4}.Release|ARM.Build.0 = Release|Any CPU
		{9B78C331-7940-45C7-AAF9-E98270462BD4}.Release|x64.ActiveCfg = Release|Any CPU
		{9B78C331-7940-45C7-AAF9-E98270462BD4}.Release|x64.Build.0 = Release|Any CPU
		{9B78C331-7940-45C7-AAF9-E98270462BD4}.Release|x86.ActiveCfg = Release|Any CPU
		{9B78C331-7940-45C7-AAF9-E98270462BD4}.Release|x86.Build.0 = Release|Any CPU
		{9B78C331-7940-45C7-AAF9-E98270462BD4}.Release20|Any CPU.ActiveCfg = Release|Any CPU
		{9B78C331-7940-45C7-AAF9-E98270462BD4}.Release20|Any CPU.Build.0 = Release|Any CPU
		{9B78C331-7940-45C7-AAF9-E98270462BD4}.Release20|ARM.ActiveCfg = Release|Any CPU
		{9B78C331-7940-45C7-AAF9-E98270462BD4}.Release20|ARM.Build.0 = Release|Any CPU
		{9B78C331-7940-45C7-AAF9-E98270462BD4}.Release20|x64.ActiveCfg = Release|Any CPU
		{9B78C331-7940-45C7-AAF9-E98270462BD4}.Release20|x64.Build.0 = Release|Any CPU
		{9B78C331-7940-45C7-AAF9-E98270462BD4}.Release20|x86.ActiveCfg = Release|Any CPU
		{9B78C331-7940-45C7-AAF9-E98270462BD4}.Release20|x86.Build.0 = Release|Any CPU
		{9B78C331-7940-45C7-AAF9-E98270462BD4}.Release45|Any CPU.ActiveCfg = Release|Any CPU
		{9B78C331-7940-45C7-AAF9-E98270462BD4}.Release45|Any CPU.Build.0 = Release|Any CPU
		{9B78C331-7940-45C7-AAF9-E98270462BD4}.Release45|ARM.ActiveCfg = Release|Any CPU
		{9B78C331-7940-45C7-AAF9-E98270462BD4}.Release45|ARM.Build.0 = Release|Any CPU
		{9B78C331-7940-45C7-AAF9-E98270462BD4}.Release45|x64.ActiveCfg = Release|Any CPU
		{9B78C331-7940-45C7-AAF9-E98270462BD4}.Release45|x64.Build.0 = Release|Any CPU
		{9B78C331-7940-45C7-AAF9-E98270462BD4}.Release45|x86.ActiveCfg = Release|Any CPU
		{9B78C331-7940-45C7-AAF9-E98270462BD4}.Release45|x86.Build.0 = Release|Any CPU
		{9B78C331-7940-45C7-AAF9-E98270462BD4}.Release-Canary|Any CPU.ActiveCfg = Release|Any CPU
		{9B78C331-7940-45C7-AAF9-E98270462BD4}.Release-Canary|Any CPU.Build.0 = Release|Any CPU
		{9B78C331-7940-45C7-AAF9-E98270462BD4}.Release-Canary|ARM.ActiveCfg = Release|Any CPU
		{9B78C331-7940-45C7-AAF9-E98270462BD4}.Release-Canary|ARM.Build.0 = Release|Any CPU
		{9B78C331-7940-45C7-AAF9-E98270462BD4}.Release-Canary|x64.ActiveCfg = Release|Any CPU
		{9B78C331-7940-45C7-AAF9-E98270462BD4}.Release-Canary|x64.Build.0 = Release|Any CPU
		{9B78C331-7940-45C7-AAF9-E98270462BD4}.Release-Canary|x86.ActiveCfg = Release|Any CPU
		{9B78C331-7940-45C7-AAF9-E98270462BD4}.Release-Canary|x86.Build.0 = Release|Any CPU
		{9B78C331-7940-45C7-AAF9-E98270462BD4}.Release-Stable|Any CPU.ActiveCfg = Release|Any CPU
		{9B78C331-7940-45C7-AAF9-E98270462BD4}.Release-Stable|Any CPU.Build.0 = Release|Any CPU
		{9B78C331-7940-45C7-AAF9-E98270462BD4}.Release-Stable|ARM.ActiveCfg = Release|Any CPU
		{9B78C331-7940-45C7-AAF9-E98270462BD4}.Release-Stable|ARM.Build.0 = Release|Any CPU
		{9B78C331-7940-45C7-AAF9-E98270462BD4}.Release-Stable|x64.ActiveCfg = Release|Any CPU
		{9B78C331-7940-45C7-AAF9-E98270462BD4}.Release-Stable|x64.Build.0 = Release|Any CPU
		{9B78C331-7940-45C7-AAF9-E98270462BD4}.Release-Stable|x86.ActiveCfg = Release|Any CPU
		{9B78C331-7940-45C7-AAF9-E98270462BD4}.Release-Stable|x86.Build.0 = Release|Any CPU
		{9AB9F53D-1F42-4045-8DFC-9D389D44BB35}.Debug|Any CPU.ActiveCfg = Debug20|Any CPU
		{9AB9F53D-1F42-4045-8DFC-9D389D44BB35}.Debug|Any CPU.Build.0 = Debug20|Any CPU
		{9AB9F53D-1F42-4045-8DFC-9D389D44BB35}.Debug|ARM.ActiveCfg = Debug20|Any CPU
		{9AB9F53D-1F42-4045-8DFC-9D389D44BB35}.Debug|ARM.Build.0 = Debug20|Any CPU
		{9AB9F53D-1F42-4045-8DFC-9D389D44BB35}.Debug|x64.ActiveCfg = Debug20|Any CPU
		{9AB9F53D-1F42-4045-8DFC-9D389D44BB35}.Debug|x64.Build.0 = Debug20|Any CPU
		{9AB9F53D-1F42-4045-8DFC-9D389D44BB35}.Debug|x86.ActiveCfg = Debug20|Any CPU
		{9AB9F53D-1F42-4045-8DFC-9D389D44BB35}.Debug|x86.Build.0 = Debug20|Any CPU
		{9AB9F53D-1F42-4045-8DFC-9D389D44BB35}.Debug20|Any CPU.ActiveCfg = Debug20|Any CPU
		{9AB9F53D-1F42-4045-8DFC-9D389D44BB35}.Debug20|Any CPU.Build.0 = Debug20|Any CPU
		{9AB9F53D-1F42-4045-8DFC-9D389D44BB35}.Debug20|ARM.ActiveCfg = Debug20|Any CPU
		{9AB9F53D-1F42-4045-8DFC-9D389D44BB35}.Debug20|ARM.Build.0 = Debug20|Any CPU
		{9AB9F53D-1F42-4045-8DFC-9D389D44BB35}.Debug20|x64.ActiveCfg = Debug20|Any CPU
		{9AB9F53D-1F42-4045-8DFC-9D389D44BB35}.Debug20|x64.Build.0 = Debug20|Any CPU
		{9AB9F53D-1F42-4045-8DFC-9D389D44BB35}.Debug20|x86.ActiveCfg = Debug20|Any CPU
		{9AB9F53D-1F42-4045-8DFC-9D389D44BB35}.Debug20|x86.Build.0 = Debug20|Any CPU
		{9AB9F53D-1F42-4045-8DFC-9D389D44BB35}.Debug45|Any CPU.ActiveCfg = Debug45|Any CPU
		{9AB9F53D-1F42-4045-8DFC-9D389D44BB35}.Debug45|Any CPU.Build.0 = Debug45|Any CPU
		{9AB9F53D-1F42-4045-8DFC-9D389D44BB35}.Debug45|ARM.ActiveCfg = Debug45|Any CPU
		{9AB9F53D-1F42-4045-8DFC-9D389D44BB35}.Debug45|ARM.Build.0 = Debug45|Any CPU
		{9AB9F53D-1F42-4045-8DFC-9D389D44BB35}.Debug45|x64.ActiveCfg = Debug45|Any CPU
		{9AB9F53D-1F42-4045-8DFC-9D389D44BB35}.Debug45|x64.Build.0 = Debug45|Any CPU
		{9AB9F53D-1F42-4045-8DFC-9D389D44BB35}.Debug45|x86.ActiveCfg = Debug45|Any CPU
		{9AB9F53D-1F42-4045-8DFC-9D389D44BB35}.Debug45|x86.Build.0 = Debug45|Any CPU
		{9AB9F53D-1F42-4045-8DFC-9D389D44BB35}.Release|Any CPU.ActiveCfg = Release20|Any CPU
		{9AB9F53D-1F42-4045-8DFC-9D389D44BB35}.Release|Any CPU.Build.0 = Release20|Any CPU
		{9AB9F53D-1F42-4045-8DFC-9D389D44BB35}.Release|ARM.ActiveCfg = Release20|Any CPU
		{9AB9F53D-1F42-4045-8DFC-9D389D44BB35}.Release|ARM.Build.0 = Release20|Any CPU
		{9AB9F53D-1F42-4045-8DFC-9D389D44BB35}.Release|x64.ActiveCfg = Release20|Any CPU
		{9AB9F53D-1F42-4045-8DFC-9D389D44BB35}.Release|x64.Build.0 = Release20|Any CPU
		{9AB9F53D-1F42-4045-8DFC-9D389D44BB35}.Release|x86.ActiveCfg = Release20|Any CPU
		{9AB9F53D-1F42-4045-8DFC-9D389D44BB35}.Release|x86.Build.0 = Release20|Any CPU
		{9AB9F53D-1F42-4045-8DFC-9D389D44BB35}.Release20|Any CPU.ActiveCfg = Release20|Any CPU
		{9AB9F53D-1F42-4045-8DFC-9D389D44BB35}.Release20|Any CPU.Build.0 = Release20|Any CPU
		{9AB9F53D-1F42-4045-8DFC-9D389D44BB35}.Release20|ARM.ActiveCfg = Release20|Any CPU
		{9AB9F53D-1F42-4045-8DFC-9D389D44BB35}.Release20|ARM.Build.0 = Release20|Any CPU
		{9AB9F53D-1F42-4045-8DFC-9D389D44BB35}.Release20|x64.ActiveCfg = Release20|Any CPU
		{9AB9F53D-1F42-4045-8DFC-9D389D44BB35}.Release20|x64.Build.0 = Release20|Any CPU
		{9AB9F53D-1F42-4045-8DFC-9D389D44BB35}.Release20|x86.ActiveCfg = Release20|Any CPU
		{9AB9F53D-1F42-4045-8DFC-9D389D44BB35}.Release20|x86.Build.0 = Release20|Any CPU
		{9AB9F53D-1F42-4045-8DFC-9D389D44BB35}.Release45|Any CPU.ActiveCfg = Release45|Any CPU
		{9AB9F53D-1F42-4045-8DFC-9D389D44BB35}.Release45|Any CPU.Build.0 = Release45|Any CPU
		{9AB9F53D-1F42-4045-8DFC-9D389D44BB35}.Release45|ARM.ActiveCfg = Release45|Any CPU
		{9AB9F53D-1F42-4045-8DFC-9D389D44BB35}.Release45|ARM.Build.0 = Release45|Any CPU
		{9AB9F53D-1F42-4045-8DFC-9D389D44BB35}.Release45|x64.ActiveCfg = Release45|Any CPU
		{9AB9F53D-1F42-4045-8DFC-9D389D44BB35}.Release45|x64.Build.0 = Release45|Any CPU
		{9AB9F53D-1F42-4045-8DFC-9D389D44BB35}.Release45|x86.ActiveCfg = Release45|Any CPU
		{9AB9F53D-1F42-4045-8DFC-9D389D44BB35}.Release45|x86.Build.0 = Release45|Any CPU
		{9AB9F53D-1F42-4045-8DFC-9D389D44BB35}.Release-Canary|Any CPU.ActiveCfg = Release20|Any CPU
		{9AB9F53D-1F42-4045-8DFC-9D389D44BB35}.Release-Canary|Any CPU.Build.0 = Release20|Any CPU
		{9AB9F53D-1F42-4045-8DFC-9D389D44BB35}.Release-Canary|ARM.ActiveCfg = Release20|Any CPU
		{9AB9F53D-1F42-4045-8DFC-9D389D44BB35}.Release-Canary|ARM.Build.0 = Release20|Any CPU
		{9AB9F53D-1F42-4045-8DFC-9D389D44BB35}.Release-Canary|x64.ActiveCfg = Release20|Any CPU
		{9AB9F53D-1F42-4045-8DFC-9D389D44BB35}.Release-Canary|x64.Build.0 = Release20|Any CPU
		{9AB9F53D-1F42-4045-8DFC-9D389D44BB35}.Release-Canary|x86.ActiveCfg = Release20|Any CPU
		{9AB9F53D-1F42-4045-8DFC-9D389D44BB35}.Release-Canary|x86.Build.0 = Release20|Any CPU
		{9AB9F53D-1F42-4045-8DFC-9D389D44BB35}.Release-Stable|Any CPU.ActiveCfg = Release20|Any CPU
		{9AB9F53D-1F42-4045-8DFC-9D389D44BB35}.Release-Stable|Any CPU.Build.0 = Release20|Any CPU
		{9AB9F53D-1F42-4045-8DFC-9D389D44BB35}.Release-Stable|ARM.ActiveCfg = Release20|Any CPU
		{9AB9F53D-1F42-4045-8DFC-9D389D44BB35}.Release-Stable|ARM.Build.0 = Release20|Any CPU
		{9AB9F53D-1F42-4045-8DFC-9D389D44BB35}.Release-Stable|x64.ActiveCfg = Release20|Any CPU
		{9AB9F53D-1F42-4045-8DFC-9D389D44BB35}.Release-Stable|x64.Build.0 = Release20|Any CPU
		{9AB9F53D-1F42-4045-8DFC-9D389D44BB35}.Release-Stable|x86.ActiveCfg = Release20|Any CPU
		{9AB9F53D-1F42-4045-8DFC-9D389D44BB35}.Release-Stable|x86.Build.0 = Release20|Any CPU
		{737A81A8-553C-49A9-8F17-5ADF691A56B2}.Debug|Any CPU.ActiveCfg = Debug|Any CPU
		{737A81A8-553C-49A9-8F17-5ADF691A56B2}.Debug|Any CPU.Build.0 = Debug|Any CPU
		{737A81A8-553C-49A9-8F17-5ADF691A56B2}.Debug|ARM.ActiveCfg = Debug|Any CPU
		{737A81A8-553C-49A9-8F17-5ADF691A56B2}.Debug|ARM.Build.0 = Debug|Any CPU
		{737A81A8-553C-49A9-8F17-5ADF691A56B2}.Debug|x64.ActiveCfg = Debug|Any CPU
		{737A81A8-553C-49A9-8F17-5ADF691A56B2}.Debug|x64.Build.0 = Debug|Any CPU
		{737A81A8-553C-49A9-8F17-5ADF691A56B2}.Debug|x86.ActiveCfg = Debug|Any CPU
		{737A81A8-553C-49A9-8F17-5ADF691A56B2}.Debug|x86.Build.0 = Debug|Any CPU
		{737A81A8-553C-49A9-8F17-5ADF691A56B2}.Debug20|Any CPU.ActiveCfg = Debug|Any CPU
		{737A81A8-553C-49A9-8F17-5ADF691A56B2}.Debug20|Any CPU.Build.0 = Debug|Any CPU
		{737A81A8-553C-49A9-8F17-5ADF691A56B2}.Debug20|ARM.ActiveCfg = Debug|Any CPU
		{737A81A8-553C-49A9-8F17-5ADF691A56B2}.Debug20|ARM.Build.0 = Debug|Any CPU
		{737A81A8-553C-49A9-8F17-5ADF691A56B2}.Debug20|x64.ActiveCfg = Debug|Any CPU
		{737A81A8-553C-49A9-8F17-5ADF691A56B2}.Debug20|x64.Build.0 = Debug|Any CPU
		{737A81A8-553C-49A9-8F17-5ADF691A56B2}.Debug20|x86.ActiveCfg = Debug|Any CPU
		{737A81A8-553C-49A9-8F17-5ADF691A56B2}.Debug20|x86.Build.0 = Debug|Any CPU
		{737A81A8-553C-49A9-8F17-5ADF691A56B2}.Debug45|Any CPU.ActiveCfg = Debug|Any CPU
		{737A81A8-553C-49A9-8F17-5ADF691A56B2}.Debug45|Any CPU.Build.0 = Debug|Any CPU
		{737A81A8-553C-49A9-8F17-5ADF691A56B2}.Debug45|ARM.ActiveCfg = Debug|Any CPU
		{737A81A8-553C-49A9-8F17-5ADF691A56B2}.Debug45|ARM.Build.0 = Debug|Any CPU
		{737A81A8-553C-49A9-8F17-5ADF691A56B2}.Debug45|x64.ActiveCfg = Debug|Any CPU
		{737A81A8-553C-49A9-8F17-5ADF691A56B2}.Debug45|x64.Build.0 = Debug|Any CPU
		{737A81A8-553C-49A9-8F17-5ADF691A56B2}.Debug45|x86.ActiveCfg = Debug|Any CPU
		{737A81A8-553C-49A9-8F17-5ADF691A56B2}.Debug45|x86.Build.0 = Debug|Any CPU
		{737A81A8-553C-49A9-8F17-5ADF691A56B2}.Release|Any CPU.ActiveCfg = Release|Any CPU
		{737A81A8-553C-49A9-8F17-5ADF691A56B2}.Release|Any CPU.Build.0 = Release|Any CPU
		{737A81A8-553C-49A9-8F17-5ADF691A56B2}.Release|ARM.ActiveCfg = Release|Any CPU
		{737A81A8-553C-49A9-8F17-5ADF691A56B2}.Release|ARM.Build.0 = Release|Any CPU
		{737A81A8-553C-49A9-8F17-5ADF691A56B2}.Release|x64.ActiveCfg = Release|Any CPU
		{737A81A8-553C-49A9-8F17-5ADF691A56B2}.Release|x64.Build.0 = Release|Any CPU
		{737A81A8-553C-49A9-8F17-5ADF691A56B2}.Release|x86.ActiveCfg = Release|Any CPU
		{737A81A8-553C-49A9-8F17-5ADF691A56B2}.Release|x86.Build.0 = Release|Any CPU
		{737A81A8-553C-49A9-8F17-5ADF691A56B2}.Release20|Any CPU.ActiveCfg = Release|Any CPU
		{737A81A8-553C-49A9-8F17-5ADF691A56B2}.Release20|Any CPU.Build.0 = Release|Any CPU
		{737A81A8-553C-49A9-8F17-5ADF691A56B2}.Release20|ARM.ActiveCfg = Release|Any CPU
		{737A81A8-553C-49A9-8F17-5ADF691A56B2}.Release20|ARM.Build.0 = Release|Any CPU
		{737A81A8-553C-49A9-8F17-5ADF691A56B2}.Release20|x64.ActiveCfg = Release|Any CPU
		{737A81A8-553C-49A9-8F17-5ADF691A56B2}.Release20|x64.Build.0 = Release|Any CPU
		{737A81A8-553C-49A9-8F17-5ADF691A56B2}.Release20|x86.ActiveCfg = Release|Any CPU
		{737A81A8-553C-49A9-8F17-5ADF691A56B2}.Release20|x86.Build.0 = Release|Any CPU
		{737A81A8-553C-49A9-8F17-5ADF691A56B2}.Release45|Any CPU.ActiveCfg = Release|Any CPU
		{737A81A8-553C-49A9-8F17-5ADF691A56B2}.Release45|Any CPU.Build.0 = Release|Any CPU
		{737A81A8-553C-49A9-8F17-5ADF691A56B2}.Release45|ARM.ActiveCfg = Release|Any CPU
		{737A81A8-553C-49A9-8F17-5ADF691A56B2}.Release45|ARM.Build.0 = Release|Any CPU
		{737A81A8-553C-49A9-8F17-5ADF691A56B2}.Release45|x64.ActiveCfg = Release|Any CPU
		{737A81A8-553C-49A9-8F17-5ADF691A56B2}.Release45|x64.Build.0 = Release|Any CPU
		{737A81A8-553C-49A9-8F17-5ADF691A56B2}.Release45|x86.ActiveCfg = Release|Any CPU
		{737A81A8-553C-49A9-8F17-5ADF691A56B2}.Release45|x86.Build.0 = Release|Any CPU
		{737A81A8-553C-49A9-8F17-5ADF691A56B2}.Release-Canary|Any CPU.ActiveCfg = Release|Any CPU
		{737A81A8-553C-49A9-8F17-5ADF691A56B2}.Release-Canary|Any CPU.Build.0 = Release|Any CPU
		{737A81A8-553C-49A9-8F17-5ADF691A56B2}.Release-Canary|ARM.ActiveCfg = Release|Any CPU
		{737A81A8-553C-49A9-8F17-5ADF691A56B2}.Release-Canary|ARM.Build.0 = Release|Any CPU
		{737A81A8-553C-49A9-8F17-5ADF691A56B2}.Release-Canary|x64.ActiveCfg = Release|Any CPU
		{737A81A8-553C-49A9-8F17-5ADF691A56B2}.Release-Canary|x64.Build.0 = Release|Any CPU
		{737A81A8-553C-49A9-8F17-5ADF691A56B2}.Release-Canary|x86.ActiveCfg = Release|Any CPU
		{737A81A8-553C-49A9-8F17-5ADF691A56B2}.Release-Canary|x86.Build.0 = Release|Any CPU
		{737A81A8-553C-49A9-8F17-5ADF691A56B2}.Release-Stable|Any CPU.ActiveCfg = Release|Any CPU
		{737A81A8-553C-49A9-8F17-5ADF691A56B2}.Release-Stable|Any CPU.Build.0 = Release|Any CPU
		{737A81A8-553C-49A9-8F17-5ADF691A56B2}.Release-Stable|ARM.ActiveCfg = Release|Any CPU
		{737A81A8-553C-49A9-8F17-5ADF691A56B2}.Release-Stable|ARM.Build.0 = Release|Any CPU
		{737A81A8-553C-49A9-8F17-5ADF691A56B2}.Release-Stable|x64.ActiveCfg = Release|Any CPU
		{737A81A8-553C-49A9-8F17-5ADF691A56B2}.Release-Stable|x64.Build.0 = Release|Any CPU
		{737A81A8-553C-49A9-8F17-5ADF691A56B2}.Release-Stable|x86.ActiveCfg = Release|Any CPU
		{737A81A8-553C-49A9-8F17-5ADF691A56B2}.Release-Stable|x86.Build.0 = Release|Any CPU
		{392824A3-689E-4503-99FE-82A2EA229344}.Debug|Any CPU.ActiveCfg = Debug|Any CPU
		{392824A3-689E-4503-99FE-82A2EA229344}.Debug|Any CPU.Build.0 = Debug|Any CPU
		{392824A3-689E-4503-99FE-82A2EA229344}.Debug|ARM.ActiveCfg = Debug|Any CPU
		{392824A3-689E-4503-99FE-82A2EA229344}.Debug|ARM.Build.0 = Debug|Any CPU
		{392824A3-689E-4503-99FE-82A2EA229344}.Debug|x64.ActiveCfg = Debug|Any CPU
		{392824A3-689E-4503-99FE-82A2EA229344}.Debug|x64.Build.0 = Debug|Any CPU
		{392824A3-689E-4503-99FE-82A2EA229344}.Debug|x86.ActiveCfg = Debug|Any CPU
		{392824A3-689E-4503-99FE-82A2EA229344}.Debug|x86.Build.0 = Debug|Any CPU
		{392824A3-689E-4503-99FE-82A2EA229344}.Debug20|Any CPU.ActiveCfg = Debug|Any CPU
		{392824A3-689E-4503-99FE-82A2EA229344}.Debug20|Any CPU.Build.0 = Debug|Any CPU
		{392824A3-689E-4503-99FE-82A2EA229344}.Debug20|ARM.ActiveCfg = Debug|Any CPU
		{392824A3-689E-4503-99FE-82A2EA229344}.Debug20|ARM.Build.0 = Debug|Any CPU
		{392824A3-689E-4503-99FE-82A2EA229344}.Debug20|x64.ActiveCfg = Debug|Any CPU
		{392824A3-689E-4503-99FE-82A2EA229344}.Debug20|x64.Build.0 = Debug|Any CPU
		{392824A3-689E-4503-99FE-82A2EA229344}.Debug20|x86.ActiveCfg = Debug|Any CPU
		{392824A3-689E-4503-99FE-82A2EA229344}.Debug20|x86.Build.0 = Debug|Any CPU
		{392824A3-689E-4503-99FE-82A2EA229344}.Debug45|Any CPU.ActiveCfg = Debug|Any CPU
		{392824A3-689E-4503-99FE-82A2EA229344}.Debug45|Any CPU.Build.0 = Debug|Any CPU
		{392824A3-689E-4503-99FE-82A2EA229344}.Debug45|ARM.ActiveCfg = Debug|Any CPU
		{392824A3-689E-4503-99FE-82A2EA229344}.Debug45|ARM.Build.0 = Debug|Any CPU
		{392824A3-689E-4503-99FE-82A2EA229344}.Debug45|x64.ActiveCfg = Debug|Any CPU
		{392824A3-689E-4503-99FE-82A2EA229344}.Debug45|x64.Build.0 = Debug|Any CPU
		{392824A3-689E-4503-99FE-82A2EA229344}.Debug45|x86.ActiveCfg = Debug|Any CPU
		{392824A3-689E-4503-99FE-82A2EA229344}.Debug45|x86.Build.0 = Debug|Any CPU
		{392824A3-689E-4503-99FE-82A2EA229344}.Release|Any CPU.ActiveCfg = Release|Any CPU
		{392824A3-689E-4503-99FE-82A2EA229344}.Release|Any CPU.Build.0 = Release|Any CPU
		{392824A3-689E-4503-99FE-82A2EA229344}.Release|ARM.ActiveCfg = Release|Any CPU
		{392824A3-689E-4503-99FE-82A2EA229344}.Release|ARM.Build.0 = Release|Any CPU
		{392824A3-689E-4503-99FE-82A2EA229344}.Release|x64.ActiveCfg = Release|Any CPU
		{392824A3-689E-4503-99FE-82A2EA229344}.Release|x64.Build.0 = Release|Any CPU
		{392824A3-689E-4503-99FE-82A2EA229344}.Release|x86.ActiveCfg = Release|Any CPU
		{392824A3-689E-4503-99FE-82A2EA229344}.Release|x86.Build.0 = Release|Any CPU
		{392824A3-689E-4503-99FE-82A2EA229344}.Release20|Any CPU.ActiveCfg = Release|Any CPU
		{392824A3-689E-4503-99FE-82A2EA229344}.Release20|Any CPU.Build.0 = Release|Any CPU
		{392824A3-689E-4503-99FE-82A2EA229344}.Release20|ARM.ActiveCfg = Release|Any CPU
		{392824A3-689E-4503-99FE-82A2EA229344}.Release20|ARM.Build.0 = Release|Any CPU
		{392824A3-689E-4503-99FE-82A2EA229344}.Release20|x64.ActiveCfg = Release|Any CPU
		{392824A3-689E-4503-99FE-82A2EA229344}.Release20|x64.Build.0 = Release|Any CPU
		{392824A3-689E-4503-99FE-82A2EA229344}.Release20|x86.ActiveCfg = Release|Any CPU
		{392824A3-689E-4503-99FE-82A2EA229344}.Release20|x86.Build.0 = Release|Any CPU
		{392824A3-689E-4503-99FE-82A2EA229344}.Release45|Any CPU.ActiveCfg = Release|Any CPU
		{392824A3-689E-4503-99FE-82A2EA229344}.Release45|Any CPU.Build.0 = Release|Any CPU
		{392824A3-689E-4503-99FE-82A2EA229344}.Release45|ARM.ActiveCfg = Release|Any CPU
		{392824A3-689E-4503-99FE-82A2EA229344}.Release45|ARM.Build.0 = Release|Any CPU
		{392824A3-689E-4503-99FE-82A2EA229344}.Release45|x64.ActiveCfg = Release|Any CPU
		{392824A3-689E-4503-99FE-82A2EA229344}.Release45|x64.Build.0 = Release|Any CPU
		{392824A3-689E-4503-99FE-82A2EA229344}.Release45|x86.ActiveCfg = Release|Any CPU
		{392824A3-689E-4503-99FE-82A2EA229344}.Release45|x86.Build.0 = Release|Any CPU
		{392824A3-689E-4503-99FE-82A2EA229344}.Release-Canary|Any CPU.ActiveCfg = Release|Any CPU
		{392824A3-689E-4503-99FE-82A2EA229344}.Release-Canary|Any CPU.Build.0 = Release|Any CPU
		{392824A3-689E-4503-99FE-82A2EA229344}.Release-Canary|ARM.ActiveCfg = Release|Any CPU
		{392824A3-689E-4503-99FE-82A2EA229344}.Release-Canary|ARM.Build.0 = Release|Any CPU
		{392824A3-689E-4503-99FE-82A2EA229344}.Release-Canary|x64.ActiveCfg = Release|Any CPU
		{392824A3-689E-4503-99FE-82A2EA229344}.Release-Canary|x64.Build.0 = Release|Any CPU
		{392824A3-689E-4503-99FE-82A2EA229344}.Release-Canary|x86.ActiveCfg = Release|Any CPU
		{392824A3-689E-4503-99FE-82A2EA229344}.Release-Canary|x86.Build.0 = Release|Any CPU
		{392824A3-689E-4503-99FE-82A2EA229344}.Release-Stable|Any CPU.ActiveCfg = Release|Any CPU
		{392824A3-689E-4503-99FE-82A2EA229344}.Release-Stable|Any CPU.Build.0 = Release|Any CPU
		{392824A3-689E-4503-99FE-82A2EA229344}.Release-Stable|ARM.ActiveCfg = Release|Any CPU
		{392824A3-689E-4503-99FE-82A2EA229344}.Release-Stable|ARM.Build.0 = Release|Any CPU
		{392824A3-689E-4503-99FE-82A2EA229344}.Release-Stable|x64.ActiveCfg = Release|Any CPU
		{392824A3-689E-4503-99FE-82A2EA229344}.Release-Stable|x64.Build.0 = Release|Any CPU
		{392824A3-689E-4503-99FE-82A2EA229344}.Release-Stable|x86.ActiveCfg = Release|Any CPU
		{392824A3-689E-4503-99FE-82A2EA229344}.Release-Stable|x86.Build.0 = Release|Any CPU
		{9F96C0F5-428B-46DA-B641-6C16AAF30934}.Debug|Any CPU.ActiveCfg = Debug|Any CPU
		{9F96C0F5-428B-46DA-B641-6C16AAF30934}.Debug|Any CPU.Build.0 = Debug|Any CPU
		{9F96C0F5-428B-46DA-B641-6C16AAF30934}.Debug|Any CPU.Deploy.0 = Debug|Any CPU
		{9F96C0F5-428B-46DA-B641-6C16AAF30934}.Debug|ARM.ActiveCfg = Debug|Any CPU
		{9F96C0F5-428B-46DA-B641-6C16AAF30934}.Debug|ARM.Build.0 = Debug|Any CPU
		{9F96C0F5-428B-46DA-B641-6C16AAF30934}.Debug|ARM.Deploy.0 = Debug|Any CPU
		{9F96C0F5-428B-46DA-B641-6C16AAF30934}.Debug|x64.ActiveCfg = Debug|x64
		{9F96C0F5-428B-46DA-B641-6C16AAF30934}.Debug|x64.Build.0 = Debug|x64
		{9F96C0F5-428B-46DA-B641-6C16AAF30934}.Debug|x64.Deploy.0 = Debug|x64
		{9F96C0F5-428B-46DA-B641-6C16AAF30934}.Debug|x86.ActiveCfg = Debug|x86
		{9F96C0F5-428B-46DA-B641-6C16AAF30934}.Debug|x86.Build.0 = Debug|x86
		{9F96C0F5-428B-46DA-B641-6C16AAF30934}.Debug|x86.Deploy.0 = Debug|x86
		{9F96C0F5-428B-46DA-B641-6C16AAF30934}.Debug20|Any CPU.ActiveCfg = Debug|Any CPU
		{9F96C0F5-428B-46DA-B641-6C16AAF30934}.Debug20|Any CPU.Build.0 = Debug|Any CPU
		{9F96C0F5-428B-46DA-B641-6C16AAF30934}.Debug20|Any CPU.Deploy.0 = Debug|Any CPU
		{9F96C0F5-428B-46DA-B641-6C16AAF30934}.Debug20|ARM.ActiveCfg = Debug|Any CPU
		{9F96C0F5-428B-46DA-B641-6C16AAF30934}.Debug20|ARM.Build.0 = Debug|Any CPU
		{9F96C0F5-428B-46DA-B641-6C16AAF30934}.Debug20|ARM.Deploy.0 = Debug|Any CPU
		{9F96C0F5-428B-46DA-B641-6C16AAF30934}.Debug20|x64.ActiveCfg = Debug|x64
		{9F96C0F5-428B-46DA-B641-6C16AAF30934}.Debug20|x64.Build.0 = Debug|x64
		{9F96C0F5-428B-46DA-B641-6C16AAF30934}.Debug20|x64.Deploy.0 = Debug|x64
		{9F96C0F5-428B-46DA-B641-6C16AAF30934}.Debug20|x86.ActiveCfg = Debug|x86
		{9F96C0F5-428B-46DA-B641-6C16AAF30934}.Debug20|x86.Build.0 = Debug|x86
		{9F96C0F5-428B-46DA-B641-6C16AAF30934}.Debug20|x86.Deploy.0 = Debug|x86
		{9F96C0F5-428B-46DA-B641-6C16AAF30934}.Debug45|Any CPU.ActiveCfg = Debug|Any CPU
		{9F96C0F5-428B-46DA-B641-6C16AAF30934}.Debug45|Any CPU.Build.0 = Debug|Any CPU
		{9F96C0F5-428B-46DA-B641-6C16AAF30934}.Debug45|Any CPU.Deploy.0 = Debug|Any CPU
		{9F96C0F5-428B-46DA-B641-6C16AAF30934}.Debug45|ARM.ActiveCfg = Debug|Any CPU
		{9F96C0F5-428B-46DA-B641-6C16AAF30934}.Debug45|ARM.Build.0 = Debug|Any CPU
		{9F96C0F5-428B-46DA-B641-6C16AAF30934}.Debug45|ARM.Deploy.0 = Debug|Any CPU
		{9F96C0F5-428B-46DA-B641-6C16AAF30934}.Debug45|x64.ActiveCfg = Debug|x64
		{9F96C0F5-428B-46DA-B641-6C16AAF30934}.Debug45|x64.Build.0 = Debug|x64
		{9F96C0F5-428B-46DA-B641-6C16AAF30934}.Debug45|x64.Deploy.0 = Debug|x64
		{9F96C0F5-428B-46DA-B641-6C16AAF30934}.Debug45|x86.ActiveCfg = Debug|x86
		{9F96C0F5-428B-46DA-B641-6C16AAF30934}.Debug45|x86.Build.0 = Debug|x86
		{9F96C0F5-428B-46DA-B641-6C16AAF30934}.Debug45|x86.Deploy.0 = Debug|x86
		{9F96C0F5-428B-46DA-B641-6C16AAF30934}.Release|Any CPU.ActiveCfg = Release|Any CPU
		{9F96C0F5-428B-46DA-B641-6C16AAF30934}.Release|Any CPU.Build.0 = Release|Any CPU
		{9F96C0F5-428B-46DA-B641-6C16AAF30934}.Release|Any CPU.Deploy.0 = Release|Any CPU
		{9F96C0F5-428B-46DA-B641-6C16AAF30934}.Release|ARM.ActiveCfg = Release|Any CPU
		{9F96C0F5-428B-46DA-B641-6C16AAF30934}.Release|ARM.Build.0 = Release|Any CPU
		{9F96C0F5-428B-46DA-B641-6C16AAF30934}.Release|ARM.Deploy.0 = Release|Any CPU
		{9F96C0F5-428B-46DA-B641-6C16AAF30934}.Release|x64.ActiveCfg = Release|x64
		{9F96C0F5-428B-46DA-B641-6C16AAF30934}.Release|x64.Build.0 = Release|x64
		{9F96C0F5-428B-46DA-B641-6C16AAF30934}.Release|x64.Deploy.0 = Release|x64
		{9F96C0F5-428B-46DA-B641-6C16AAF30934}.Release|x86.ActiveCfg = Release|x86
		{9F96C0F5-428B-46DA-B641-6C16AAF30934}.Release|x86.Build.0 = Release|x86
		{9F96C0F5-428B-46DA-B641-6C16AAF30934}.Release|x86.Deploy.0 = Release|x86
		{9F96C0F5-428B-46DA-B641-6C16AAF30934}.Release20|Any CPU.ActiveCfg = Release|Any CPU
		{9F96C0F5-428B-46DA-B641-6C16AAF30934}.Release20|Any CPU.Build.0 = Release|Any CPU
		{9F96C0F5-428B-46DA-B641-6C16AAF30934}.Release20|Any CPU.Deploy.0 = Release|Any CPU
		{9F96C0F5-428B-46DA-B641-6C16AAF30934}.Release20|ARM.ActiveCfg = Release|Any CPU
		{9F96C0F5-428B-46DA-B641-6C16AAF30934}.Release20|ARM.Build.0 = Release|Any CPU
		{9F96C0F5-428B-46DA-B641-6C16AAF30934}.Release20|ARM.Deploy.0 = Release|Any CPU
		{9F96C0F5-428B-46DA-B641-6C16AAF30934}.Release20|x64.ActiveCfg = Release|x64
		{9F96C0F5-428B-46DA-B641-6C16AAF30934}.Release20|x64.Build.0 = Release|x64
		{9F96C0F5-428B-46DA-B641-6C16AAF30934}.Release20|x64.Deploy.0 = Release|x64
		{9F96C0F5-428B-46DA-B641-6C16AAF30934}.Release20|x86.ActiveCfg = Release|x86
		{9F96C0F5-428B-46DA-B641-6C16AAF30934}.Release20|x86.Build.0 = Release|x86
		{9F96C0F5-428B-46DA-B641-6C16AAF30934}.Release20|x86.Deploy.0 = Release|x86
		{9F96C0F5-428B-46DA-B641-6C16AAF30934}.Release45|Any CPU.ActiveCfg = Release|Any CPU
		{9F96C0F5-428B-46DA-B641-6C16AAF30934}.Release45|Any CPU.Build.0 = Release|Any CPU
		{9F96C0F5-428B-46DA-B641-6C16AAF30934}.Release45|Any CPU.Deploy.0 = Release|Any CPU
		{9F96C0F5-428B-46DA-B641-6C16AAF30934}.Release45|ARM.ActiveCfg = Release|Any CPU
		{9F96C0F5-428B-46DA-B641-6C16AAF30934}.Release45|ARM.Build.0 = Release|Any CPU
		{9F96C0F5-428B-46DA-B641-6C16AAF30934}.Release45|ARM.Deploy.0 = Release|Any CPU
		{9F96C0F5-428B-46DA-B641-6C16AAF30934}.Release45|x64.ActiveCfg = Release|x64
		{9F96C0F5-428B-46DA-B641-6C16AAF30934}.Release45|x64.Build.0 = Release|x64
		{9F96C0F5-428B-46DA-B641-6C16AAF30934}.Release45|x64.Deploy.0 = Release|x64
		{9F96C0F5-428B-46DA-B641-6C16AAF30934}.Release45|x86.ActiveCfg = Release|x86
		{9F96C0F5-428B-46DA-B641-6C16AAF30934}.Release45|x86.Build.0 = Release|x86
		{9F96C0F5-428B-46DA-B641-6C16AAF30934}.Release45|x86.Deploy.0 = Release|x86
		{9F96C0F5-428B-46DA-B641-6C16AAF30934}.Release-Canary|Any CPU.ActiveCfg = Release|Any CPU
		{9F96C0F5-428B-46DA-B641-6C16AAF30934}.Release-Canary|Any CPU.Build.0 = Release|Any CPU
		{9F96C0F5-428B-46DA-B641-6C16AAF30934}.Release-Canary|Any CPU.Deploy.0 = Release|Any CPU
		{9F96C0F5-428B-46DA-B641-6C16AAF30934}.Release-Canary|ARM.ActiveCfg = Release|Any CPU
		{9F96C0F5-428B-46DA-B641-6C16AAF30934}.Release-Canary|ARM.Build.0 = Release|Any CPU
		{9F96C0F5-428B-46DA-B641-6C16AAF30934}.Release-Canary|ARM.Deploy.0 = Release|Any CPU
		{9F96C0F5-428B-46DA-B641-6C16AAF30934}.Release-Canary|x64.ActiveCfg = Release|x64
		{9F96C0F5-428B-46DA-B641-6C16AAF30934}.Release-Canary|x64.Build.0 = Release|x64
		{9F96C0F5-428B-46DA-B641-6C16AAF30934}.Release-Canary|x64.Deploy.0 = Release|x64
		{9F96C0F5-428B-46DA-B641-6C16AAF30934}.Release-Canary|x86.ActiveCfg = Release|x86
		{9F96C0F5-428B-46DA-B641-6C16AAF30934}.Release-Canary|x86.Build.0 = Release|x86
		{9F96C0F5-428B-46DA-B641-6C16AAF30934}.Release-Canary|x86.Deploy.0 = Release|x86
		{9F96C0F5-428B-46DA-B641-6C16AAF30934}.Release-Stable|Any CPU.ActiveCfg = Release|Any CPU
		{9F96C0F5-428B-46DA-B641-6C16AAF30934}.Release-Stable|Any CPU.Build.0 = Release|Any CPU
		{9F96C0F5-428B-46DA-B641-6C16AAF30934}.Release-Stable|Any CPU.Deploy.0 = Release|Any CPU
		{9F96C0F5-428B-46DA-B641-6C16AAF30934}.Release-Stable|ARM.ActiveCfg = Release|Any CPU
		{9F96C0F5-428B-46DA-B641-6C16AAF30934}.Release-Stable|ARM.Build.0 = Release|Any CPU
		{9F96C0F5-428B-46DA-B641-6C16AAF30934}.Release-Stable|ARM.Deploy.0 = Release|Any CPU
		{9F96C0F5-428B-46DA-B641-6C16AAF30934}.Release-Stable|x64.ActiveCfg = Release|x64
		{9F96C0F5-428B-46DA-B641-6C16AAF30934}.Release-Stable|x64.Build.0 = Release|x64
		{9F96C0F5-428B-46DA-B641-6C16AAF30934}.Release-Stable|x64.Deploy.0 = Release|x64
		{9F96C0F5-428B-46DA-B641-6C16AAF30934}.Release-Stable|x86.ActiveCfg = Release|x86
		{9F96C0F5-428B-46DA-B641-6C16AAF30934}.Release-Stable|x86.Build.0 = Release|x86
		{9F96C0F5-428B-46DA-B641-6C16AAF30934}.Release-Stable|x86.Deploy.0 = Release|x86
	EndGlobalSection
	GlobalSection(SolutionProperties) = preSolution
		HideSolutionNode = FALSE
	EndGlobalSection
	GlobalSection(ExtensibilityGlobals) = postSolution
		SolutionGuid = {6C424B48-4BA8-4A85-98A8-A19416C7C90A}
	EndGlobalSection
EndGlobal
