
Microsoft Visual Studio Solution File, Format Version 12.00
# Visual Studio 14
VisualStudioVersion = 14.0.24720.0
MinimumVisualStudioVersion = 10.0.40219.1
Project("{FAE04EC0-301F-11D3-BF4B-00C04F79EFBC}") = "PlayerUI", "PlayerUI\PlayerUI.csproj", "{E14FBC2B-B29D-4428-8052-52292EB22C1D}"
EndProject
Project("{FAE04EC0-301F-11D3-BF4B-00C04F79EFBC}") = "BivrostWP", "ModelRendering.DrawingSurface\BivrostWP.csproj", "{80D96612-4912-4D8B-9A95-E13348FD6B15}"
EndProject
Project("{2150E333-8FDC-42A3-9474-1A3956D46DE8}") = ".nuget", ".nuget", "{D9ECBE5F-BC60-40DA-9633-C5E46AF90F90}"
	ProjectSection(SolutionItems) = preProject
		.nuget\NuGet.Config = .nuget\NuGet.Config
		.nuget\NuGet.exe = .nuget\NuGet.exe
		.nuget\NuGet.targets = .nuget\NuGet.targets
	EndProjectSection
EndProject
Project("{2150E333-8FDC-42A3-9474-1A3956D46DE8}") = "Solution Items", "Solution Items", "{3BC4FF28-AD84-4202-ADE1-1F4EE60638B6}"
	ProjectSection(SolutionItems) = preProject
		Performance1.psess = Performance1.psess
	EndProjectSection
EndProject
Project("{FAE04EC0-301F-11D3-BF4B-00C04F79EFBC}") = "YoutubeDownloader", "YoutubeDownloader\YoutubeDownloader.csproj", "{5F946F3C-508E-402B-9F3F-14F1D5B23F3A}"
EndProject
Project("{FAE04EC0-301F-11D3-BF4B-00C04F79EFBC}") = "BivrostInstaller", "BivrostInstaller\BivrostInstaller.csproj", "{A84276EF-4AF6-41A1-86FA-B2F527394C80}"
EndProject
Project("{FAE04EC0-301F-11D3-BF4B-00C04F79EFBC}") = "BivrostAnalytics", "BivrostAnalytics\BivrostAnalytics.csproj", "{30C06AE1-7390-488D-BD15-8EE43EC76308}"
EndProject
Project("{FAE04EC0-301F-11D3-BF4B-00C04F79EFBC}") = "AnalyticsTester", "AnalyticsTester\AnalyticsTester.csproj", "{FF86F2B0-4326-4D3C-9822-60BDD1AFB0DC}"
EndProject
Project("{FAE04EC0-301F-11D3-BF4B-00C04F79EFBC}") = "LegacyPlayer", "LegacyPlayer\LegacyPlayer.csproj", "{38BCD4D3-5764-4C6B-99E8-837C9ADAED8A}"
EndProject
Project("{FAE04EC0-301F-11D3-BF4B-00C04F79EFBC}") = "ChangePublishConfig", "ChangePublishConfig\ChangePublishConfig.csproj", "{166CD27E-304F-4A3C-B4FF-AE4FA9B74476}"
EndProject
Project("{FAE04EC0-301F-11D3-BF4B-00C04F79EFBC}") = "ClientKit", "..\Managed-OSVR\ClientKit\ClientKit.csproj", "{9AB9F53D-1F42-4045-8DFC-9D389D44BB35}"
EndProject
Project("{FAE04EC0-301F-11D3-BF4B-00C04F79EFBC}") = "PlayerUI.Test", "PlayerUI.Test\PlayerUI.Test.csproj", "{8E17510D-5841-4934-88E9-8C24C0694877}"
EndProject
Global
	GlobalSection(SolutionConfigurationPlatforms) = preSolution
		Debug|Any CPU = Debug|Any CPU
		Debug|ARM = Debug|ARM
		Debug|x86 = Debug|x86
		Debug20|Any CPU = Debug20|Any CPU
		Debug20|ARM = Debug20|ARM
		Debug20|x86 = Debug20|x86
		Debug45|Any CPU = Debug45|Any CPU
		Debug45|ARM = Debug45|ARM
		Debug45|x86 = Debug45|x86
		Release|Any CPU = Release|Any CPU
		Release|ARM = Release|ARM
		Release|x86 = Release|x86
		Release20|Any CPU = Release20|Any CPU
		Release20|ARM = Release20|ARM
		Release20|x86 = Release20|x86
		Release45|Any CPU = Release45|Any CPU
		Release45|ARM = Release45|ARM
		Release45|x86 = Release45|x86
	EndGlobalSection
	GlobalSection(ProjectConfigurationPlatforms) = postSolution
		{E14FBC2B-B29D-4428-8052-52292EB22C1D}.Debug|Any CPU.ActiveCfg = Debug|Any CPU
		{E14FBC2B-B29D-4428-8052-52292EB22C1D}.Debug|Any CPU.Build.0 = Debug|Any CPU
		{E14FBC2B-B29D-4428-8052-52292EB22C1D}.Debug|ARM.ActiveCfg = Debug|Any CPU
		{E14FBC2B-B29D-4428-8052-52292EB22C1D}.Debug|x86.ActiveCfg = Debug|Any CPU
		{E14FBC2B-B29D-4428-8052-52292EB22C1D}.Debug20|Any CPU.ActiveCfg = Debug|Any CPU
		{E14FBC2B-B29D-4428-8052-52292EB22C1D}.Debug20|Any CPU.Build.0 = Debug|Any CPU
		{E14FBC2B-B29D-4428-8052-52292EB22C1D}.Debug20|ARM.ActiveCfg = Debug|Any CPU
		{E14FBC2B-B29D-4428-8052-52292EB22C1D}.Debug20|ARM.Build.0 = Debug|Any CPU
		{E14FBC2B-B29D-4428-8052-52292EB22C1D}.Debug20|x86.ActiveCfg = Debug|Any CPU
		{E14FBC2B-B29D-4428-8052-52292EB22C1D}.Debug20|x86.Build.0 = Debug|Any CPU
		{E14FBC2B-B29D-4428-8052-52292EB22C1D}.Debug45|Any CPU.ActiveCfg = Debug|Any CPU
		{E14FBC2B-B29D-4428-8052-52292EB22C1D}.Debug45|Any CPU.Build.0 = Debug|Any CPU
		{E14FBC2B-B29D-4428-8052-52292EB22C1D}.Debug45|ARM.ActiveCfg = Debug|Any CPU
		{E14FBC2B-B29D-4428-8052-52292EB22C1D}.Debug45|ARM.Build.0 = Debug|Any CPU
		{E14FBC2B-B29D-4428-8052-52292EB22C1D}.Debug45|x86.ActiveCfg = Debug|Any CPU
		{E14FBC2B-B29D-4428-8052-52292EB22C1D}.Debug45|x86.Build.0 = Debug|Any CPU
		{E14FBC2B-B29D-4428-8052-52292EB22C1D}.Release|Any CPU.ActiveCfg = Release|Any CPU
		{E14FBC2B-B29D-4428-8052-52292EB22C1D}.Release|Any CPU.Build.0 = Release|Any CPU
		{E14FBC2B-B29D-4428-8052-52292EB22C1D}.Release|ARM.ActiveCfg = Release|Any CPU
		{E14FBC2B-B29D-4428-8052-52292EB22C1D}.Release|x86.ActiveCfg = Release|Any CPU
		{E14FBC2B-B29D-4428-8052-52292EB22C1D}.Release20|Any CPU.ActiveCfg = Release|Any CPU
		{E14FBC2B-B29D-4428-8052-52292EB22C1D}.Release20|Any CPU.Build.0 = Release|Any CPU
		{E14FBC2B-B29D-4428-8052-52292EB22C1D}.Release20|ARM.ActiveCfg = Release|Any CPU
		{E14FBC2B-B29D-4428-8052-52292EB22C1D}.Release20|ARM.Build.0 = Release|Any CPU
		{E14FBC2B-B29D-4428-8052-52292EB22C1D}.Release20|x86.ActiveCfg = Release|Any CPU
		{E14FBC2B-B29D-4428-8052-52292EB22C1D}.Release20|x86.Build.0 = Release|Any CPU
		{E14FBC2B-B29D-4428-8052-52292EB22C1D}.Release45|Any CPU.ActiveCfg = Release|Any CPU
		{E14FBC2B-B29D-4428-8052-52292EB22C1D}.Release45|Any CPU.Build.0 = Release|Any CPU
		{E14FBC2B-B29D-4428-8052-52292EB22C1D}.Release45|ARM.ActiveCfg = Release|Any CPU
		{E14FBC2B-B29D-4428-8052-52292EB22C1D}.Release45|ARM.Build.0 = Release|Any CPU
		{E14FBC2B-B29D-4428-8052-52292EB22C1D}.Release45|x86.ActiveCfg = Release|Any CPU
		{E14FBC2B-B29D-4428-8052-52292EB22C1D}.Release45|x86.Build.0 = Release|Any CPU
		{80D96612-4912-4D8B-9A95-E13348FD6B15}.Debug|Any CPU.ActiveCfg = Debug|x86
		{80D96612-4912-4D8B-9A95-E13348FD6B15}.Debug|Any CPU.Build.0 = Debug|x86
		{80D96612-4912-4D8B-9A95-E13348FD6B15}.Debug|Any CPU.Deploy.0 = Debug|x86
		{80D96612-4912-4D8B-9A95-E13348FD6B15}.Debug|ARM.ActiveCfg = Debug|ARM
		{80D96612-4912-4D8B-9A95-E13348FD6B15}.Debug|ARM.Build.0 = Debug|ARM
		{80D96612-4912-4D8B-9A95-E13348FD6B15}.Debug|ARM.Deploy.0 = Debug|ARM
		{80D96612-4912-4D8B-9A95-E13348FD6B15}.Debug|x86.ActiveCfg = Debug|x86
		{80D96612-4912-4D8B-9A95-E13348FD6B15}.Debug|x86.Build.0 = Debug|x86
		{80D96612-4912-4D8B-9A95-E13348FD6B15}.Debug|x86.Deploy.0 = Debug|x86
		{80D96612-4912-4D8B-9A95-E13348FD6B15}.Debug20|Any CPU.ActiveCfg = Release|Any CPU
		{80D96612-4912-4D8B-9A95-E13348FD6B15}.Debug20|ARM.ActiveCfg = Debug|ARM
		{80D96612-4912-4D8B-9A95-E13348FD6B15}.Debug20|x86.ActiveCfg = Debug|x86
		{80D96612-4912-4D8B-9A95-E13348FD6B15}.Debug45|Any CPU.ActiveCfg = Release|Any CPU
		{80D96612-4912-4D8B-9A95-E13348FD6B15}.Debug45|ARM.ActiveCfg = Debug|ARM
		{80D96612-4912-4D8B-9A95-E13348FD6B15}.Debug45|x86.ActiveCfg = Debug|x86
		{80D96612-4912-4D8B-9A95-E13348FD6B15}.Release|Any CPU.ActiveCfg = Release|Any CPU
		{80D96612-4912-4D8B-9A95-E13348FD6B15}.Release|Any CPU.Build.0 = Release|Any CPU
		{80D96612-4912-4D8B-9A95-E13348FD6B15}.Release|Any CPU.Deploy.0 = Release|Any CPU
		{80D96612-4912-4D8B-9A95-E13348FD6B15}.Release|ARM.ActiveCfg = Release|ARM
		{80D96612-4912-4D8B-9A95-E13348FD6B15}.Release|ARM.Build.0 = Release|ARM
		{80D96612-4912-4D8B-9A95-E13348FD6B15}.Release|ARM.Deploy.0 = Release|ARM
		{80D96612-4912-4D8B-9A95-E13348FD6B15}.Release|x86.ActiveCfg = Release|x86
		{80D96612-4912-4D8B-9A95-E13348FD6B15}.Release|x86.Build.0 = Release|x86
		{80D96612-4912-4D8B-9A95-E13348FD6B15}.Release|x86.Deploy.0 = Release|x86
		{80D96612-4912-4D8B-9A95-E13348FD6B15}.Release20|Any CPU.ActiveCfg = Release|Any CPU
		{80D96612-4912-4D8B-9A95-E13348FD6B15}.Release20|ARM.ActiveCfg = Release|ARM
		{80D96612-4912-4D8B-9A95-E13348FD6B15}.Release20|x86.ActiveCfg = Release|x86
		{80D96612-4912-4D8B-9A95-E13348FD6B15}.Release45|Any CPU.ActiveCfg = Release|Any CPU
		{80D96612-4912-4D8B-9A95-E13348FD6B15}.Release45|ARM.ActiveCfg = Release|ARM
		{80D96612-4912-4D8B-9A95-E13348FD6B15}.Release45|x86.ActiveCfg = Release|x86
		{5F946F3C-508E-402B-9F3F-14F1D5B23F3A}.Debug|Any CPU.ActiveCfg = Debug|Any CPU
		{5F946F3C-508E-402B-9F3F-14F1D5B23F3A}.Debug|Any CPU.Build.0 = Debug|Any CPU
		{5F946F3C-508E-402B-9F3F-14F1D5B23F3A}.Debug|ARM.ActiveCfg = Debug|Any CPU
		{5F946F3C-508E-402B-9F3F-14F1D5B23F3A}.Debug|x86.ActiveCfg = Debug|Any CPU
		{5F946F3C-508E-402B-9F3F-14F1D5B23F3A}.Debug20|Any CPU.ActiveCfg = Debug|Any CPU
		{5F946F3C-508E-402B-9F3F-14F1D5B23F3A}.Debug20|Any CPU.Build.0 = Debug|Any CPU
		{5F946F3C-508E-402B-9F3F-14F1D5B23F3A}.Debug20|ARM.ActiveCfg = Debug|Any CPU
		{5F946F3C-508E-402B-9F3F-14F1D5B23F3A}.Debug20|ARM.Build.0 = Debug|Any CPU
		{5F946F3C-508E-402B-9F3F-14F1D5B23F3A}.Debug20|x86.ActiveCfg = Debug|Any CPU
		{5F946F3C-508E-402B-9F3F-14F1D5B23F3A}.Debug20|x86.Build.0 = Debug|Any CPU
		{5F946F3C-508E-402B-9F3F-14F1D5B23F3A}.Debug45|Any CPU.ActiveCfg = Debug|Any CPU
		{5F946F3C-508E-402B-9F3F-14F1D5B23F3A}.Debug45|Any CPU.Build.0 = Debug|Any CPU
		{5F946F3C-508E-402B-9F3F-14F1D5B23F3A}.Debug45|ARM.ActiveCfg = Debug|Any CPU
		{5F946F3C-508E-402B-9F3F-14F1D5B23F3A}.Debug45|ARM.Build.0 = Debug|Any CPU
		{5F946F3C-508E-402B-9F3F-14F1D5B23F3A}.Debug45|x86.ActiveCfg = Debug|Any CPU
		{5F946F3C-508E-402B-9F3F-14F1D5B23F3A}.Debug45|x86.Build.0 = Debug|Any CPU
		{5F946F3C-508E-402B-9F3F-14F1D5B23F3A}.Release|Any CPU.ActiveCfg = Release|Any CPU
		{5F946F3C-508E-402B-9F3F-14F1D5B23F3A}.Release|Any CPU.Build.0 = Release|Any CPU
		{5F946F3C-508E-402B-9F3F-14F1D5B23F3A}.Release|ARM.ActiveCfg = Release|Any CPU
		{5F946F3C-508E-402B-9F3F-14F1D5B23F3A}.Release|x86.ActiveCfg = Release|Any CPU
		{5F946F3C-508E-402B-9F3F-14F1D5B23F3A}.Release20|Any CPU.ActiveCfg = Release|Any CPU
		{5F946F3C-508E-402B-9F3F-14F1D5B23F3A}.Release20|Any CPU.Build.0 = Release|Any CPU
		{5F946F3C-508E-402B-9F3F-14F1D5B23F3A}.Release20|ARM.ActiveCfg = Release|Any CPU
		{5F946F3C-508E-402B-9F3F-14F1D5B23F3A}.Release20|ARM.Build.0 = Release|Any CPU
		{5F946F3C-508E-402B-9F3F-14F1D5B23F3A}.Release20|x86.ActiveCfg = Release|Any CPU
		{5F946F3C-508E-402B-9F3F-14F1D5B23F3A}.Release20|x86.Build.0 = Release|Any CPU
		{5F946F3C-508E-402B-9F3F-14F1D5B23F3A}.Release45|Any CPU.ActiveCfg = Release|Any CPU
		{5F946F3C-508E-402B-9F3F-14F1D5B23F3A}.Release45|Any CPU.Build.0 = Release|Any CPU
		{5F946F3C-508E-402B-9F3F-14F1D5B23F3A}.Release45|ARM.ActiveCfg = Release|Any CPU
		{5F946F3C-508E-402B-9F3F-14F1D5B23F3A}.Release45|ARM.Build.0 = Release|Any CPU
		{5F946F3C-508E-402B-9F3F-14F1D5B23F3A}.Release45|x86.ActiveCfg = Release|Any CPU
		{5F946F3C-508E-402B-9F3F-14F1D5B23F3A}.Release45|x86.Build.0 = Release|Any CPU
		{A84276EF-4AF6-41A1-86FA-B2F527394C80}.Debug|Any CPU.ActiveCfg = Debug|Any CPU
		{A84276EF-4AF6-41A1-86FA-B2F527394C80}.Debug|Any CPU.Build.0 = Debug|Any CPU
		{A84276EF-4AF6-41A1-86FA-B2F527394C80}.Debug|ARM.ActiveCfg = Debug|Any CPU
		{A84276EF-4AF6-41A1-86FA-B2F527394C80}.Debug|ARM.Build.0 = Debug|Any CPU
		{A84276EF-4AF6-41A1-86FA-B2F527394C80}.Debug|x86.ActiveCfg = Debug|Any CPU
		{A84276EF-4AF6-41A1-86FA-B2F527394C80}.Debug|x86.Build.0 = Debug|Any CPU
		{A84276EF-4AF6-41A1-86FA-B2F527394C80}.Debug20|Any CPU.ActiveCfg = Debug|Any CPU
		{A84276EF-4AF6-41A1-86FA-B2F527394C80}.Debug20|ARM.ActiveCfg = Debug|Any CPU
		{A84276EF-4AF6-41A1-86FA-B2F527394C80}.Debug20|x86.ActiveCfg = Debug|Any CPU
		{A84276EF-4AF6-41A1-86FA-B2F527394C80}.Debug45|Any CPU.ActiveCfg = Debug|Any CPU
		{A84276EF-4AF6-41A1-86FA-B2F527394C80}.Debug45|ARM.ActiveCfg = Debug|Any CPU
		{A84276EF-4AF6-41A1-86FA-B2F527394C80}.Debug45|x86.ActiveCfg = Debug|Any CPU
		{A84276EF-4AF6-41A1-86FA-B2F527394C80}.Release|Any CPU.ActiveCfg = Release|Any CPU
		{A84276EF-4AF6-41A1-86FA-B2F527394C80}.Release|Any CPU.Build.0 = Release|Any CPU
		{A84276EF-4AF6-41A1-86FA-B2F527394C80}.Release|ARM.ActiveCfg = Release|Any CPU
		{A84276EF-4AF6-41A1-86FA-B2F527394C80}.Release|ARM.Build.0 = Release|Any CPU
		{A84276EF-4AF6-41A1-86FA-B2F527394C80}.Release|x86.ActiveCfg = Release|Any CPU
		{A84276EF-4AF6-41A1-86FA-B2F527394C80}.Release|x86.Build.0 = Release|Any CPU
		{A84276EF-4AF6-41A1-86FA-B2F527394C80}.Release20|Any CPU.ActiveCfg = Release|Any CPU
		{A84276EF-4AF6-41A1-86FA-B2F527394C80}.Release20|ARM.ActiveCfg = Release|Any CPU
		{A84276EF-4AF6-41A1-86FA-B2F527394C80}.Release20|x86.ActiveCfg = Release|Any CPU
		{A84276EF-4AF6-41A1-86FA-B2F527394C80}.Release45|Any CPU.ActiveCfg = Release|Any CPU
		{A84276EF-4AF6-41A1-86FA-B2F527394C80}.Release45|ARM.ActiveCfg = Release|Any CPU
		{A84276EF-4AF6-41A1-86FA-B2F527394C80}.Release45|x86.ActiveCfg = Release|Any CPU
		{30C06AE1-7390-488D-BD15-8EE43EC76308}.Debug|Any CPU.ActiveCfg = Debug|Any CPU
		{30C06AE1-7390-488D-BD15-8EE43EC76308}.Debug|Any CPU.Build.0 = Debug|Any CPU
		{30C06AE1-7390-488D-BD15-8EE43EC76308}.Debug|ARM.ActiveCfg = Debug|Any CPU
		{30C06AE1-7390-488D-BD15-8EE43EC76308}.Debug|ARM.Build.0 = Debug|Any CPU
		{30C06AE1-7390-488D-BD15-8EE43EC76308}.Debug|x86.ActiveCfg = Debug|Any CPU
		{30C06AE1-7390-488D-BD15-8EE43EC76308}.Debug|x86.Build.0 = Debug|Any CPU
		{30C06AE1-7390-488D-BD15-8EE43EC76308}.Debug20|Any CPU.ActiveCfg = Debug|Any CPU
		{30C06AE1-7390-488D-BD15-8EE43EC76308}.Debug20|Any CPU.Build.0 = Debug|Any CPU
		{30C06AE1-7390-488D-BD15-8EE43EC76308}.Debug20|ARM.ActiveCfg = Debug|Any CPU
		{30C06AE1-7390-488D-BD15-8EE43EC76308}.Debug20|ARM.Build.0 = Debug|Any CPU
		{30C06AE1-7390-488D-BD15-8EE43EC76308}.Debug20|x86.ActiveCfg = Debug|Any CPU
		{30C06AE1-7390-488D-BD15-8EE43EC76308}.Debug20|x86.Build.0 = Debug|Any CPU
		{30C06AE1-7390-488D-BD15-8EE43EC76308}.Debug45|Any CPU.ActiveCfg = Debug|Any CPU
		{30C06AE1-7390-488D-BD15-8EE43EC76308}.Debug45|Any CPU.Build.0 = Debug|Any CPU
		{30C06AE1-7390-488D-BD15-8EE43EC76308}.Debug45|ARM.ActiveCfg = Debug|Any CPU
		{30C06AE1-7390-488D-BD15-8EE43EC76308}.Debug45|ARM.Build.0 = Debug|Any CPU
		{30C06AE1-7390-488D-BD15-8EE43EC76308}.Debug45|x86.ActiveCfg = Debug|Any CPU
		{30C06AE1-7390-488D-BD15-8EE43EC76308}.Debug45|x86.Build.0 = Debug|Any CPU
		{30C06AE1-7390-488D-BD15-8EE43EC76308}.Release|Any CPU.ActiveCfg = Release|Any CPU
		{30C06AE1-7390-488D-BD15-8EE43EC76308}.Release|Any CPU.Build.0 = Release|Any CPU
		{30C06AE1-7390-488D-BD15-8EE43EC76308}.Release|ARM.ActiveCfg = Release|Any CPU
		{30C06AE1-7390-488D-BD15-8EE43EC76308}.Release|ARM.Build.0 = Release|Any CPU
		{30C06AE1-7390-488D-BD15-8EE43EC76308}.Release|x86.ActiveCfg = Release|Any CPU
		{30C06AE1-7390-488D-BD15-8EE43EC76308}.Release|x86.Build.0 = Release|Any CPU
		{30C06AE1-7390-488D-BD15-8EE43EC76308}.Release20|Any CPU.ActiveCfg = Release|Any CPU
		{30C06AE1-7390-488D-BD15-8EE43EC76308}.Release20|Any CPU.Build.0 = Release|Any CPU
		{30C06AE1-7390-488D-BD15-8EE43EC76308}.Release20|ARM.ActiveCfg = Release|Any CPU
		{30C06AE1-7390-488D-BD15-8EE43EC76308}.Release20|ARM.Build.0 = Release|Any CPU
		{30C06AE1-7390-488D-BD15-8EE43EC76308}.Release20|x86.ActiveCfg = Release|Any CPU
		{30C06AE1-7390-488D-BD15-8EE43EC76308}.Release20|x86.Build.0 = Release|Any CPU
		{30C06AE1-7390-488D-BD15-8EE43EC76308}.Release45|Any CPU.ActiveCfg = Release|Any CPU
		{30C06AE1-7390-488D-BD15-8EE43EC76308}.Release45|Any CPU.Build.0 = Release|Any CPU
		{30C06AE1-7390-488D-BD15-8EE43EC76308}.Release45|ARM.ActiveCfg = Release|Any CPU
		{30C06AE1-7390-488D-BD15-8EE43EC76308}.Release45|ARM.Build.0 = Release|Any CPU
		{30C06AE1-7390-488D-BD15-8EE43EC76308}.Release45|x86.ActiveCfg = Release|Any CPU
		{30C06AE1-7390-488D-BD15-8EE43EC76308}.Release45|x86.Build.0 = Release|Any CPU
		{FF86F2B0-4326-4D3C-9822-60BDD1AFB0DC}.Debug|Any CPU.ActiveCfg = Debug|Any CPU
		{FF86F2B0-4326-4D3C-9822-60BDD1AFB0DC}.Debug|Any CPU.Build.0 = Debug|Any CPU
		{FF86F2B0-4326-4D3C-9822-60BDD1AFB0DC}.Debug|ARM.ActiveCfg = Debug|Any CPU
		{FF86F2B0-4326-4D3C-9822-60BDD1AFB0DC}.Debug|ARM.Build.0 = Debug|Any CPU
		{FF86F2B0-4326-4D3C-9822-60BDD1AFB0DC}.Debug|x86.ActiveCfg = Debug|Any CPU
		{FF86F2B0-4326-4D3C-9822-60BDD1AFB0DC}.Debug|x86.Build.0 = Debug|Any CPU
		{FF86F2B0-4326-4D3C-9822-60BDD1AFB0DC}.Debug20|Any CPU.ActiveCfg = Debug|Any CPU
		{FF86F2B0-4326-4D3C-9822-60BDD1AFB0DC}.Debug20|Any CPU.Build.0 = Debug|Any CPU
		{FF86F2B0-4326-4D3C-9822-60BDD1AFB0DC}.Debug20|ARM.ActiveCfg = Debug|Any CPU
		{FF86F2B0-4326-4D3C-9822-60BDD1AFB0DC}.Debug20|ARM.Build.0 = Debug|Any CPU
		{FF86F2B0-4326-4D3C-9822-60BDD1AFB0DC}.Debug20|x86.ActiveCfg = Debug|Any CPU
		{FF86F2B0-4326-4D3C-9822-60BDD1AFB0DC}.Debug20|x86.Build.0 = Debug|Any CPU
		{FF86F2B0-4326-4D3C-9822-60BDD1AFB0DC}.Debug45|Any CPU.ActiveCfg = Debug|Any CPU
		{FF86F2B0-4326-4D3C-9822-60BDD1AFB0DC}.Debug45|Any CPU.Build.0 = Debug|Any CPU
		{FF86F2B0-4326-4D3C-9822-60BDD1AFB0DC}.Debug45|ARM.ActiveCfg = Debug|Any CPU
		{FF86F2B0-4326-4D3C-9822-60BDD1AFB0DC}.Debug45|ARM.Build.0 = Debug|Any CPU
		{FF86F2B0-4326-4D3C-9822-60BDD1AFB0DC}.Debug45|x86.ActiveCfg = Debug|Any CPU
		{FF86F2B0-4326-4D3C-9822-60BDD1AFB0DC}.Debug45|x86.Build.0 = Debug|Any CPU
		{FF86F2B0-4326-4D3C-9822-60BDD1AFB0DC}.Release|Any CPU.ActiveCfg = Release|Any CPU
		{FF86F2B0-4326-4D3C-9822-60BDD1AFB0DC}.Release|Any CPU.Build.0 = Release|Any CPU
		{FF86F2B0-4326-4D3C-9822-60BDD1AFB0DC}.Release|ARM.ActiveCfg = Release|Any CPU
		{FF86F2B0-4326-4D3C-9822-60BDD1AFB0DC}.Release|ARM.Build.0 = Release|Any CPU
		{FF86F2B0-4326-4D3C-9822-60BDD1AFB0DC}.Release|x86.ActiveCfg = Release|Any CPU
		{FF86F2B0-4326-4D3C-9822-60BDD1AFB0DC}.Release|x86.Build.0 = Release|Any CPU
		{FF86F2B0-4326-4D3C-9822-60BDD1AFB0DC}.Release20|Any CPU.ActiveCfg = Release|Any CPU
		{FF86F2B0-4326-4D3C-9822-60BDD1AFB0DC}.Release20|Any CPU.Build.0 = Release|Any CPU
		{FF86F2B0-4326-4D3C-9822-60BDD1AFB0DC}.Release20|ARM.ActiveCfg = Release|Any CPU
		{FF86F2B0-4326-4D3C-9822-60BDD1AFB0DC}.Release20|ARM.Build.0 = Release|Any CPU
		{FF86F2B0-4326-4D3C-9822-60BDD1AFB0DC}.Release20|x86.ActiveCfg = Release|Any CPU
		{FF86F2B0-4326-4D3C-9822-60BDD1AFB0DC}.Release20|x86.Build.0 = Release|Any CPU
		{FF86F2B0-4326-4D3C-9822-60BDD1AFB0DC}.Release45|Any CPU.ActiveCfg = Release|Any CPU
		{FF86F2B0-4326-4D3C-9822-60BDD1AFB0DC}.Release45|Any CPU.Build.0 = Release|Any CPU
		{FF86F2B0-4326-4D3C-9822-60BDD1AFB0DC}.Release45|ARM.ActiveCfg = Release|Any CPU
		{FF86F2B0-4326-4D3C-9822-60BDD1AFB0DC}.Release45|ARM.Build.0 = Release|Any CPU
		{FF86F2B0-4326-4D3C-9822-60BDD1AFB0DC}.Release45|x86.ActiveCfg = Release|Any CPU
		{FF86F2B0-4326-4D3C-9822-60BDD1AFB0DC}.Release45|x86.Build.0 = Release|Any CPU
		{38BCD4D3-5764-4C6B-99E8-837C9ADAED8A}.Debug|Any CPU.ActiveCfg = Debug|Any CPU
		{38BCD4D3-5764-4C6B-99E8-837C9ADAED8A}.Debug|Any CPU.Build.0 = Debug|Any CPU
		{38BCD4D3-5764-4C6B-99E8-837C9ADAED8A}.Debug|ARM.ActiveCfg = Debug|Any CPU
		{38BCD4D3-5764-4C6B-99E8-837C9ADAED8A}.Debug|ARM.Build.0 = Debug|Any CPU
		{38BCD4D3-5764-4C6B-99E8-837C9ADAED8A}.Debug|x86.ActiveCfg = Debug|Any CPU
		{38BCD4D3-5764-4C6B-99E8-837C9ADAED8A}.Debug|x86.Build.0 = Debug|Any CPU
		{38BCD4D3-5764-4C6B-99E8-837C9ADAED8A}.Debug20|Any CPU.ActiveCfg = Debug|Any CPU
		{38BCD4D3-5764-4C6B-99E8-837C9ADAED8A}.Debug20|Any CPU.Build.0 = Debug|Any CPU
		{38BCD4D3-5764-4C6B-99E8-837C9ADAED8A}.Debug20|ARM.ActiveCfg = Debug|Any CPU
		{38BCD4D3-5764-4C6B-99E8-837C9ADAED8A}.Debug20|ARM.Build.0 = Debug|Any CPU
		{38BCD4D3-5764-4C6B-99E8-837C9ADAED8A}.Debug20|x86.ActiveCfg = Debug|Any CPU
		{38BCD4D3-5764-4C6B-99E8-837C9ADAED8A}.Debug20|x86.Build.0 = Debug|Any CPU
		{38BCD4D3-5764-4C6B-99E8-837C9ADAED8A}.Debug45|Any CPU.ActiveCfg = Debug|Any CPU
		{38BCD4D3-5764-4C6B-99E8-837C9ADAED8A}.Debug45|Any CPU.Build.0 = Debug|Any CPU
		{38BCD4D3-5764-4C6B-99E8-837C9ADAED8A}.Debug45|ARM.ActiveCfg = Debug|Any CPU
		{38BCD4D3-5764-4C6B-99E8-837C9ADAED8A}.Debug45|ARM.Build.0 = Debug|Any CPU
		{38BCD4D3-5764-4C6B-99E8-837C9ADAED8A}.Debug45|x86.ActiveCfg = Debug|Any CPU
		{38BCD4D3-5764-4C6B-99E8-837C9ADAED8A}.Debug45|x86.Build.0 = Debug|Any CPU
		{38BCD4D3-5764-4C6B-99E8-837C9ADAED8A}.Release|Any CPU.ActiveCfg = Release|Any CPU
		{38BCD4D3-5764-4C6B-99E8-837C9ADAED8A}.Release|Any CPU.Build.0 = Release|Any CPU
		{38BCD4D3-5764-4C6B-99E8-837C9ADAED8A}.Release|ARM.ActiveCfg = Release|Any CPU
		{38BCD4D3-5764-4C6B-99E8-837C9ADAED8A}.Release|ARM.Build.0 = Release|Any CPU
		{38BCD4D3-5764-4C6B-99E8-837C9ADAED8A}.Release|x86.ActiveCfg = Release|Any CPU
		{38BCD4D3-5764-4C6B-99E8-837C9ADAED8A}.Release|x86.Build.0 = Release|Any CPU
		{38BCD4D3-5764-4C6B-99E8-837C9ADAED8A}.Release20|Any CPU.ActiveCfg = Release|Any CPU
		{38BCD4D3-5764-4C6B-99E8-837C9ADAED8A}.Release20|Any CPU.Build.0 = Release|Any CPU
		{38BCD4D3-5764-4C6B-99E8-837C9ADAED8A}.Release20|ARM.ActiveCfg = Release|Any CPU
		{38BCD4D3-5764-4C6B-99E8-837C9ADAED8A}.Release20|ARM.Build.0 = Release|Any CPU
		{38BCD4D3-5764-4C6B-99E8-837C9ADAED8A}.Release20|x86.ActiveCfg = Release|Any CPU
		{38BCD4D3-5764-4C6B-99E8-837C9ADAED8A}.Release20|x86.Build.0 = Release|Any CPU
		{38BCD4D3-5764-4C6B-99E8-837C9ADAED8A}.Release45|Any CPU.ActiveCfg = Release|Any CPU
		{38BCD4D3-5764-4C6B-99E8-837C9ADAED8A}.Release45|Any CPU.Build.0 = Release|Any CPU
		{38BCD4D3-5764-4C6B-99E8-837C9ADAED8A}.Release45|ARM.ActiveCfg = Release|Any CPU
		{38BCD4D3-5764-4C6B-99E8-837C9ADAED8A}.Release45|ARM.Build.0 = Release|Any CPU
		{38BCD4D3-5764-4C6B-99E8-837C9ADAED8A}.Release45|x86.ActiveCfg = Release|Any CPU
		{38BCD4D3-5764-4C6B-99E8-837C9ADAED8A}.Release45|x86.Build.0 = Release|Any CPU
		{166CD27E-304F-4A3C-B4FF-AE4FA9B74476}.Debug|Any CPU.ActiveCfg = Debug|Any CPU
		{166CD27E-304F-4A3C-B4FF-AE4FA9B74476}.Debug|Any CPU.Build.0 = Debug|Any CPU
		{166CD27E-304F-4A3C-B4FF-AE4FA9B74476}.Debug|ARM.ActiveCfg = Debug|Any CPU
		{166CD27E-304F-4A3C-B4FF-AE4FA9B74476}.Debug|ARM.Build.0 = Debug|Any CPU
		{166CD27E-304F-4A3C-B4FF-AE4FA9B74476}.Debug|x86.ActiveCfg = Debug|Any CPU
		{166CD27E-304F-4A3C-B4FF-AE4FA9B74476}.Debug|x86.Build.0 = Debug|Any CPU
		{166CD27E-304F-4A3C-B4FF-AE4FA9B74476}.Debug20|Any CPU.ActiveCfg = Debug|Any CPU
		{166CD27E-304F-4A3C-B4FF-AE4FA9B74476}.Debug20|Any CPU.Build.0 = Debug|Any CPU
		{166CD27E-304F-4A3C-B4FF-AE4FA9B74476}.Debug20|ARM.ActiveCfg = Debug|Any CPU
		{166CD27E-304F-4A3C-B4FF-AE4FA9B74476}.Debug20|ARM.Build.0 = Debug|Any CPU
		{166CD27E-304F-4A3C-B4FF-AE4FA9B74476}.Debug20|x86.ActiveCfg = Debug|Any CPU
		{166CD27E-304F-4A3C-B4FF-AE4FA9B74476}.Debug20|x86.Build.0 = Debug|Any CPU
		{166CD27E-304F-4A3C-B4FF-AE4FA9B74476}.Debug45|Any CPU.ActiveCfg = Debug|Any CPU
		{166CD27E-304F-4A3C-B4FF-AE4FA9B74476}.Debug45|Any CPU.Build.0 = Debug|Any CPU
		{166CD27E-304F-4A3C-B4FF-AE4FA9B74476}.Debug45|ARM.ActiveCfg = Debug|Any CPU
		{166CD27E-304F-4A3C-B4FF-AE4FA9B74476}.Debug45|ARM.Build.0 = Debug|Any CPU
		{166CD27E-304F-4A3C-B4FF-AE4FA9B74476}.Debug45|x86.ActiveCfg = Debug|Any CPU
		{166CD27E-304F-4A3C-B4FF-AE4FA9B74476}.Debug45|x86.Build.0 = Debug|Any CPU
		{166CD27E-304F-4A3C-B4FF-AE4FA9B74476}.Release|Any CPU.ActiveCfg = Release|Any CPU
		{166CD27E-304F-4A3C-B4FF-AE4FA9B74476}.Release|Any CPU.Build.0 = Release|Any CPU
		{166CD27E-304F-4A3C-B4FF-AE4FA9B74476}.Release|ARM.ActiveCfg = Release|Any CPU
		{166CD27E-304F-4A3C-B4FF-AE4FA9B74476}.Release|ARM.Build.0 = Release|Any CPU
		{166CD27E-304F-4A3C-B4FF-AE4FA9B74476}.Release|x86.ActiveCfg = Release|Any CPU
		{166CD27E-304F-4A3C-B4FF-AE4FA9B74476}.Release|x86.Build.0 = Release|Any CPU
		{166CD27E-304F-4A3C-B4FF-AE4FA9B74476}.Release20|Any CPU.ActiveCfg = Release|Any CPU
		{166CD27E-304F-4A3C-B4FF-AE4FA9B74476}.Release20|Any CPU.Build.0 = Release|Any CPU
		{166CD27E-304F-4A3C-B4FF-AE4FA9B74476}.Release20|ARM.ActiveCfg = Release|Any CPU
		{166CD27E-304F-4A3C-B4FF-AE4FA9B74476}.Release20|ARM.Build.0 = Release|Any CPU
		{166CD27E-304F-4A3C-B4FF-AE4FA9B74476}.Release20|x86.ActiveCfg = Release|Any CPU
		{166CD27E-304F-4A3C-B4FF-AE4FA9B74476}.Release20|x86.Build.0 = Release|Any CPU
		{166CD27E-304F-4A3C-B4FF-AE4FA9B74476}.Release45|Any CPU.ActiveCfg = Release|Any CPU
		{166CD27E-304F-4A3C-B4FF-AE4FA9B74476}.Release45|Any CPU.Build.0 = Release|Any CPU
		{166CD27E-304F-4A3C-B4FF-AE4FA9B74476}.Release45|ARM.ActiveCfg = Release|Any CPU
		{166CD27E-304F-4A3C-B4FF-AE4FA9B74476}.Release45|ARM.Build.0 = Release|Any CPU
		{166CD27E-304F-4A3C-B4FF-AE4FA9B74476}.Release45|x86.ActiveCfg = Release|Any CPU
		{166CD27E-304F-4A3C-B4FF-AE4FA9B74476}.Release45|x86.Build.0 = Release|Any CPU
		{9AB9F53D-1F42-4045-8DFC-9D389D44BB35}.Debug|Any CPU.ActiveCfg = Debug20|Any CPU
		{9AB9F53D-1F42-4045-8DFC-9D389D44BB35}.Debug|Any CPU.Build.0 = Debug20|Any CPU
		{9AB9F53D-1F42-4045-8DFC-9D389D44BB35}.Debug|ARM.ActiveCfg = Debug20|Any CPU
		{9AB9F53D-1F42-4045-8DFC-9D389D44BB35}.Debug|ARM.Build.0 = Debug20|Any CPU
		{9AB9F53D-1F42-4045-8DFC-9D389D44BB35}.Debug|x86.ActiveCfg = Debug20|Any CPU
		{9AB9F53D-1F42-4045-8DFC-9D389D44BB35}.Debug|x86.Build.0 = Debug20|Any CPU
		{9AB9F53D-1F42-4045-8DFC-9D389D44BB35}.Debug20|Any CPU.ActiveCfg = Debug20|Any CPU
		{9AB9F53D-1F42-4045-8DFC-9D389D44BB35}.Debug20|Any CPU.Build.0 = Debug20|Any CPU
		{9AB9F53D-1F42-4045-8DFC-9D389D44BB35}.Debug20|ARM.ActiveCfg = Debug20|Any CPU
		{9AB9F53D-1F42-4045-8DFC-9D389D44BB35}.Debug20|ARM.Build.0 = Debug20|Any CPU
		{9AB9F53D-1F42-4045-8DFC-9D389D44BB35}.Debug20|x86.ActiveCfg = Debug20|Any CPU
		{9AB9F53D-1F42-4045-8DFC-9D389D44BB35}.Debug20|x86.Build.0 = Debug20|Any CPU
		{9AB9F53D-1F42-4045-8DFC-9D389D44BB35}.Debug45|Any CPU.ActiveCfg = Debug45|Any CPU
		{9AB9F53D-1F42-4045-8DFC-9D389D44BB35}.Debug45|Any CPU.Build.0 = Debug45|Any CPU
		{9AB9F53D-1F42-4045-8DFC-9D389D44BB35}.Debug45|ARM.ActiveCfg = Debug45|Any CPU
		{9AB9F53D-1F42-4045-8DFC-9D389D44BB35}.Debug45|ARM.Build.0 = Debug45|Any CPU
		{9AB9F53D-1F42-4045-8DFC-9D389D44BB35}.Debug45|x86.ActiveCfg = Debug45|Any CPU
		{9AB9F53D-1F42-4045-8DFC-9D389D44BB35}.Debug45|x86.Build.0 = Debug45|Any CPU
		{9AB9F53D-1F42-4045-8DFC-9D389D44BB35}.Release|Any CPU.ActiveCfg = Release20|Any CPU
		{9AB9F53D-1F42-4045-8DFC-9D389D44BB35}.Release|Any CPU.Build.0 = Release20|Any CPU
		{9AB9F53D-1F42-4045-8DFC-9D389D44BB35}.Release|ARM.ActiveCfg = Release20|Any CPU
		{9AB9F53D-1F42-4045-8DFC-9D389D44BB35}.Release|ARM.Build.0 = Release20|Any CPU
		{9AB9F53D-1F42-4045-8DFC-9D389D44BB35}.Release|x86.ActiveCfg = Release20|Any CPU
		{9AB9F53D-1F42-4045-8DFC-9D389D44BB35}.Release|x86.Build.0 = Release20|Any CPU
		{9AB9F53D-1F42-4045-8DFC-9D389D44BB35}.Release20|Any CPU.ActiveCfg = Release20|Any CPU
		{9AB9F53D-1F42-4045-8DFC-9D389D44BB35}.Release20|Any CPU.Build.0 = Release20|Any CPU
		{9AB9F53D-1F42-4045-8DFC-9D389D44BB35}.Release20|ARM.ActiveCfg = Release20|Any CPU
		{9AB9F53D-1F42-4045-8DFC-9D389D44BB35}.Release20|ARM.Build.0 = Release20|Any CPU
		{9AB9F53D-1F42-4045-8DFC-9D389D44BB35}.Release20|x86.ActiveCfg = Release20|Any CPU
		{9AB9F53D-1F42-4045-8DFC-9D389D44BB35}.Release20|x86.Build.0 = Release20|Any CPU
		{9AB9F53D-1F42-4045-8DFC-9D389D44BB35}.Release45|Any CPU.ActiveCfg = Release45|Any CPU
		{9AB9F53D-1F42-4045-8DFC-9D389D44BB35}.Release45|Any CPU.Build.0 = Release45|Any CPU
		{9AB9F53D-1F42-4045-8DFC-9D389D44BB35}.Release45|ARM.ActiveCfg = Release45|Any CPU
		{9AB9F53D-1F42-4045-8DFC-9D389D44BB35}.Release45|ARM.Build.0 = Release45|Any CPU
		{9AB9F53D-1F42-4045-8DFC-9D389D44BB35}.Release45|x86.ActiveCfg = Release45|Any CPU
		{9AB9F53D-1F42-4045-8DFC-9D389D44BB35}.Release45|x86.Build.0 = Release45|Any CPU
		{8E17510D-5841-4934-88E9-8C24C0694877}.Debug|Any CPU.ActiveCfg = Debug|Any CPU
		{8E17510D-5841-4934-88E9-8C24C0694877}.Debug|Any CPU.Build.0 = Debug|Any CPU
		{8E17510D-5841-4934-88E9-8C24C0694877}.Debug|ARM.ActiveCfg = Debug|Any CPU
		{8E17510D-5841-4934-88E9-8C24C0694877}.Debug|ARM.Build.0 = Debug|Any CPU
		{8E17510D-5841-4934-88E9-8C24C0694877}.Debug|x86.ActiveCfg = Debug|Any CPU
		{8E17510D-5841-4934-88E9-8C24C0694877}.Debug|x86.Build.0 = Debug|Any CPU
		{8E17510D-5841-4934-88E9-8C24C0694877}.Debug20|Any CPU.ActiveCfg = Debug|Any CPU
		{8E17510D-5841-4934-88E9-8C24C0694877}.Debug20|Any CPU.Build.0 = Debug|Any CPU
		{8E17510D-5841-4934-88E9-8C24C0694877}.Debug20|ARM.ActiveCfg = Debug|Any CPU
		{8E17510D-5841-4934-88E9-8C24C0694877}.Debug20|ARM.Build.0 = Debug|Any CPU
		{8E17510D-5841-4934-88E9-8C24C0694877}.Debug20|x86.ActiveCfg = Debug|Any CPU
		{8E17510D-5841-4934-88E9-8C24C0694877}.Debug20|x86.Build.0 = Debug|Any CPU
		{8E17510D-5841-4934-88E9-8C24C0694877}.Debug45|Any CPU.ActiveCfg = Debug|Any CPU
		{8E17510D-5841-4934-88E9-8C24C0694877}.Debug45|Any CPU.Build.0 = Debug|Any CPU
		{8E17510D-5841-4934-88E9-8C24C0694877}.Debug45|ARM.ActiveCfg = Debug|Any CPU
		{8E17510D-5841-4934-88E9-8C24C0694877}.Debug45|ARM.Build.0 = Debug|Any CPU
		{8E17510D-5841-4934-88E9-8C24C0694877}.Debug45|x86.ActiveCfg = Debug|Any CPU
		{8E17510D-5841-4934-88E9-8C24C0694877}.Debug45|x86.Build.0 = Debug|Any CPU
		{8E17510D-5841-4934-88E9-8C24C0694877}.Release|Any CPU.ActiveCfg = Release|Any CPU
		{8E17510D-5841-4934-88E9-8C24C0694877}.Release|Any CPU.Build.0 = Release|Any CPU
		{8E17510D-5841-4934-88E9-8C24C0694877}.Release|ARM.ActiveCfg = Release|Any CPU
		{8E17510D-5841-4934-88E9-8C24C0694877}.Release|ARM.Build.0 = Release|Any CPU
		{8E17510D-5841-4934-88E9-8C24C0694877}.Release|x86.ActiveCfg = Release|Any CPU
		{8E17510D-5841-4934-88E9-8C24C0694877}.Release|x86.Build.0 = Release|Any CPU
		{8E17510D-5841-4934-88E9-8C24C0694877}.Release20|Any CPU.ActiveCfg = Release|Any CPU
		{8E17510D-5841-4934-88E9-8C24C0694877}.Release20|Any CPU.Build.0 = Release|Any CPU
		{8E17510D-5841-4934-88E9-8C24C0694877}.Release20|ARM.ActiveCfg = Release|Any CPU
		{8E17510D-5841-4934-88E9-8C24C0694877}.Release20|ARM.Build.0 = Release|Any CPU
		{8E17510D-5841-4934-88E9-8C24C0694877}.Release20|x86.ActiveCfg = Release|Any CPU
		{8E17510D-5841-4934-88E9-8C24C0694877}.Release20|x86.Build.0 = Release|Any CPU
		{8E17510D-5841-4934-88E9-8C24C0694877}.Release45|Any CPU.ActiveCfg = Release|Any CPU
		{8E17510D-5841-4934-88E9-8C24C0694877}.Release45|Any CPU.Build.0 = Release|Any CPU
		{8E17510D-5841-4934-88E9-8C24C0694877}.Release45|ARM.ActiveCfg = Release|Any CPU
		{8E17510D-5841-4934-88E9-8C24C0694877}.Release45|ARM.Build.0 = Release|Any CPU
		{8E17510D-5841-4934-88E9-8C24C0694877}.Release45|x86.ActiveCfg = Release|Any CPU
		{8E17510D-5841-4934-88E9-8C24C0694877}.Release45|x86.Build.0 = Release|Any CPU
	EndGlobalSection
	GlobalSection(SolutionProperties) = preSolution
		HideSolutionNode = FALSE
	EndGlobalSection
EndGlobal
